PODS:
  - Alamofire (5.9.0)
  - Hero (1.6.3)
  - Kingfisher (7.11.0)
  - MBRadioCheckboxButton (2.0)
  - NVActivityIndicatorView (5.1.1):
    - NVActivityIndicatorView/Base (= 5.1.1)
  - NVActivityIndicatorView/Base (5.1.1)
  - SideMenu (6.5.0)
  - SwiftyJSON (5.0.1)

DEPENDENCIES:
  - Alamofire
  - Hero
  - Kingfisher
  - MBRadioCheckboxButton
  - NVActivityIndicatorView
  - SideMenu
  - SwiftyJSON

SPEC REPOS:
  trunk:
    - Alamofire
    - Hero
    - Kingfisher
    - MBRadioCheckboxButton
    - NVActivityIndicatorView
    - SideMenu
    - SwiftyJSON

SPEC CHECKSUMS:
  Alamofire: 02b772c9910e8eba1a079227c32fbd9e46c90a24
  Hero: 419d43384355b3168512bd8ac6a33aadd3dc575b
  Kingfisher: b9c985d864d43515f404f1ef4a8ce7d802ace3ac
  MBRadioCheckboxButton: 6e2a2cdc441e292e45b64c4e65eb8fc1fc05eef2
  NVActivityIndicatorView: 1f6c5687f1171810aa27a3296814dc2d7dec3667
  SideMenu: f583187d21c5b1dd04c72002be544b555a2627a2
  SwiftyJSON: 2f33a42c6fbc52764d96f13368585094bfd8aa5e

PODFILE CHECKSUM: 5dfc39ad6f7bc7923b9f876e589b02acc9a4f143

COCOAPODS: 1.15.2
