// !$*UTF8*$!
{
	archiveVersion = 1;
	classes = {
	};
	objectVersion = 56;
	objects = {

/* Begin PBXBuildFile section */
		2BE3AD0832BF780D54561117 /* Pods_SwimmingInstructorLocatorTests.framework in Frameworks */ = {isa = PBXBuildFile; fileRef = 8A9BE97DCFD85208CE28644B /* Pods_SwimmingInstructorLocatorTests.framework */; };
		774E1CCEE7C8243BC2191344 /* Pods_SwimmingInstructorLocator.framework in Frameworks */ = {isa = PBXBuildFile; fileRef = 079879E66BB7E0D71FA7F437 /* Pods_SwimmingInstructorLocator.framework */; };
		92A5A6D7FB02F4B5A2091B5C /* Pods_SwimmingInstructorLocator_SwimmingInstructorLocatorUITests.framework in Frameworks */ = {isa = PBXBuildFile; fileRef = 4BD45739D2F8C5EF016FBC6F /* Pods_SwimmingInstructorLocator_SwimmingInstructorLocatorUITests.framework */; };
		E42E63CB2BB19E4F0000FA71 /* HomePresenter.swift in Sources */ = {isa = PBXBuildFile; fileRef = E42E63CA2BB19E4F0000FA71 /* HomePresenter.swift */; };
		E42E63CD2BB19FCF0000FA71 /* HomeContract.swift in Sources */ = {isa = PBXBuildFile; fileRef = E42E63CC2BB19FCF0000FA71 /* HomeContract.swift */; };
		E42E63D82BB1A6DE0000FA71 /* CenterService.swift in Sources */ = {isa = PBXBuildFile; fileRef = E42E63D72BB1A6DE0000FA71 /* CenterService.swift */; };
		E42E63DB2BB1A6EA0000FA71 /* CenterServiceProto.swift in Sources */ = {isa = PBXBuildFile; fileRef = E42E63DA2BB1A6EA0000FA71 /* CenterServiceProto.swift */; };
		E42E63DD2BB1C4420000FA71 /* CenterRepo.swift in Sources */ = {isa = PBXBuildFile; fileRef = E42E63DC2BB1C4420000FA71 /* CenterRepo.swift */; };
		E43A48992BAEE45200469395 /* CenterCollectionViewCell.swift in Sources */ = {isa = PBXBuildFile; fileRef = E43A48982BAEE45200469395 /* CenterCollectionViewCell.swift */; };
		E43A489D2BAF901400469395 /* InstructorCollectionViewCell.swift in Sources */ = {isa = PBXBuildFile; fileRef = E43A489C2BAF901400469395 /* InstructorCollectionViewCell.swift */; };
		E43F10142B9E4CE000602228 /* LaunchScreenContentViewController.swift in Sources */ = {isa = PBXBuildFile; fileRef = E43F10132B9E4CE000602228 /* LaunchScreenContentViewController.swift */; };
		E43F10162B9EE5A700602228 /* NotificationExt.swift in Sources */ = {isa = PBXBuildFile; fileRef = E43F10152B9EE5A700602228 /* NotificationExt.swift */; };
		E43F109C2B9F650900602228 /* HomeViewController.swift in Sources */ = {isa = PBXBuildFile; fileRef = E43F109B2B9F650900602228 /* HomeViewController.swift */; };
		E43F109E2B9F651800602228 /* CalendarViewController.swift in Sources */ = {isa = PBXBuildFile; fileRef = E43F109D2B9F651800602228 /* CalendarViewController.swift */; };
		E43F10A02B9F652100602228 /* NotificationViewController.swift in Sources */ = {isa = PBXBuildFile; fileRef = E43F109F2B9F652100602228 /* NotificationViewController.swift */; };
		E460377B2BACFE7900F6BE91 /* SideMenuViewController.swift in Sources */ = {isa = PBXBuildFile; fileRef = E460377A2BACFE7900F6BE91 /* SideMenuViewController.swift */; };
		E460377F2BAD18B400F6BE91 /* Authentication.storyboard in Resources */ = {isa = PBXBuildFile; fileRef = E460377E2BAD18B400F6BE91 /* Authentication.storyboard */; };
		E46037822BAD240100F6BE91 /* LoginViewController.swift in Sources */ = {isa = PBXBuildFile; fileRef = E46037812BAD240100F6BE91 /* LoginViewController.swift */; };
		E46037842BAD240F00F6BE91 /* RegisterViewController.swift in Sources */ = {isa = PBXBuildFile; fileRef = E46037832BAD240F00F6BE91 /* RegisterViewController.swift */; };
		E4687BC52B9FD0EB008E7A18 /* Appointment.swift in Sources */ = {isa = PBXBuildFile; fileRef = E4687BC42B9FD0EB008E7A18 /* Appointment.swift */; };
		E4687BC72B9FD0F4008E7A18 /* Center.swift in Sources */ = {isa = PBXBuildFile; fileRef = E4687BC62B9FD0F4008E7A18 /* Center.swift */; };
		E4687BC92B9FD103008E7A18 /* User.swift in Sources */ = {isa = PBXBuildFile; fileRef = E4687BC82B9FD103008E7A18 /* User.swift */; };
		E4687BCB2B9FD111008E7A18 /* Instructor.swift in Sources */ = {isa = PBXBuildFile; fileRef = E4687BCA2B9FD111008E7A18 /* Instructor.swift */; };
		E4687BCD2B9FD118008E7A18 /* Course.swift in Sources */ = {isa = PBXBuildFile; fileRef = E4687BCC2B9FD118008E7A18 /* Course.swift */; };
		E4687BCF2BA07B06008E7A18 /* APICaller.swift in Sources */ = {isa = PBXBuildFile; fileRef = E4687BCE2BA07B06008E7A18 /* APICaller.swift */; };
		E46BA7CF2BB6AB2400B45053 /* Constant.swift in Sources */ = {isa = PBXBuildFile; fileRef = E46BA7CE2BB6AB2400B45053 /* Constant.swift */; };
		E46BA7D12BB6ABCF00B45053 /* CenterAPI.swift in Sources */ = {isa = PBXBuildFile; fileRef = E46BA7D02BB6ABCF00B45053 /* CenterAPI.swift */; };
		E47418452BA60E0000EF21AA /* SideMenuTableViewController.swift in Sources */ = {isa = PBXBuildFile; fileRef = E47418442BA60E0000EF21AA /* SideMenuTableViewController.swift */; };
		E4CE8D6C2BAE9E9C0094B271 /* HeroHelper.swift in Sources */ = {isa = PBXBuildFile; fileRef = E4CE8D6B2BAE9E9C0094B271 /* HeroHelper.swift */; };
		E4F5D9522B9DB464006C5BF2 /* AppDelegate.swift in Sources */ = {isa = PBXBuildFile; fileRef = E4F5D9512B9DB464006C5BF2 /* AppDelegate.swift */; };
		E4F5D9542B9DB464006C5BF2 /* SceneDelegate.swift in Sources */ = {isa = PBXBuildFile; fileRef = E4F5D9532B9DB464006C5BF2 /* SceneDelegate.swift */; };
		E4F5D9562B9DB464006C5BF2 /* ViewController.swift in Sources */ = {isa = PBXBuildFile; fileRef = E4F5D9552B9DB464006C5BF2 /* ViewController.swift */; };
		E4F5D9592B9DB464006C5BF2 /* Main.storyboard in Resources */ = {isa = PBXBuildFile; fileRef = E4F5D9572B9DB464006C5BF2 /* Main.storyboard */; };
		E4F5D95C2B9DB464006C5BF2 /* SwimmingInstructorLocator.xcdatamodeld in Sources */ = {isa = PBXBuildFile; fileRef = E4F5D95A2B9DB464006C5BF2 /* SwimmingInstructorLocator.xcdatamodeld */; };
		E4F5D95E2B9DB466006C5BF2 /* Assets.xcassets in Resources */ = {isa = PBXBuildFile; fileRef = E4F5D95D2B9DB466006C5BF2 /* Assets.xcassets */; };
		E4F5D9612B9DB466006C5BF2 /* LaunchScreen.storyboard in Resources */ = {isa = PBXBuildFile; fileRef = E4F5D95F2B9DB466006C5BF2 /* LaunchScreen.storyboard */; };
		E4F5D96C2B9DB467006C5BF2 /* SwimmingInstructorLocatorTests.swift in Sources */ = {isa = PBXBuildFile; fileRef = E4F5D96B2B9DB467006C5BF2 /* SwimmingInstructorLocatorTests.swift */; };
		E4F5D9762B9DB467006C5BF2 /* SwimmingInstructorLocatorUITests.swift in Sources */ = {isa = PBXBuildFile; fileRef = E4F5D9752B9DB467006C5BF2 /* SwimmingInstructorLocatorUITests.swift */; };
		E4F5D9782B9DB467006C5BF2 /* SwimmingInstructorLocatorUITestsLaunchTests.swift in Sources */ = {isa = PBXBuildFile; fileRef = E4F5D9772B9DB467006C5BF2 /* SwimmingInstructorLocatorUITestsLaunchTests.swift */; };
		E4F5D9902B9DBEDE006C5BF2 /* LaunchScreenPageViewController.swift in Sources */ = {isa = PBXBuildFile; fileRef = E4F5D98E2B9DBEDE006C5BF2 /* LaunchScreenPageViewController.swift */; };
/* End PBXBuildFile section */

/* Begin PBXContainerItemProxy section */
		E4F5D9682B9DB467006C5BF2 /* PBXContainerItemProxy */ = {
			isa = PBXContainerItemProxy;
			containerPortal = E4F5D9462B9DB464006C5BF2 /* Project object */;
			proxyType = 1;
			remoteGlobalIDString = E4F5D94D2B9DB464006C5BF2;
			remoteInfo = SwimmingInstructorLocator;
		};
		E4F5D9722B9DB467006C5BF2 /* PBXContainerItemProxy */ = {
			isa = PBXContainerItemProxy;
			containerPortal = E4F5D9462B9DB464006C5BF2 /* Project object */;
			proxyType = 1;
			remoteGlobalIDString = E4F5D94D2B9DB464006C5BF2;
			remoteInfo = SwimmingInstructorLocator;
		};
/* End PBXContainerItemProxy section */

/* Begin PBXFileReference section */
		079879E66BB7E0D71FA7F437 /* Pods_SwimmingInstructorLocator.framework */ = {isa = PBXFileReference; explicitFileType = wrapper.framework; includeInIndex = 0; path = Pods_SwimmingInstructorLocator.framework; sourceTree = BUILT_PRODUCTS_DIR; };
		1470653404370BD3C7E890A7 /* Pods-SwimmingInstructorLocator.debug.xcconfig */ = {isa = PBXFileReference; includeInIndex = 1; lastKnownFileType = text.xcconfig; name = "Pods-SwimmingInstructorLocator.debug.xcconfig"; path = "Target Support Files/Pods-SwimmingInstructorLocator/Pods-SwimmingInstructorLocator.debug.xcconfig"; sourceTree = "<group>"; };
		3E15D51B483511D821C588C5 /* Pods-SwimmingInstructorLocator-SwimmingInstructorLocatorUITests.release.xcconfig */ = {isa = PBXFileReference; includeInIndex = 1; lastKnownFileType = text.xcconfig; name = "Pods-SwimmingInstructorLocator-SwimmingInstructorLocatorUITests.release.xcconfig"; path = "Target Support Files/Pods-SwimmingInstructorLocator-SwimmingInstructorLocatorUITests/Pods-SwimmingInstructorLocator-SwimmingInstructorLocatorUITests.release.xcconfig"; sourceTree = "<group>"; };
		4BD45739D2F8C5EF016FBC6F /* Pods_SwimmingInstructorLocator_SwimmingInstructorLocatorUITests.framework */ = {isa = PBXFileReference; explicitFileType = wrapper.framework; includeInIndex = 0; path = Pods_SwimmingInstructorLocator_SwimmingInstructorLocatorUITests.framework; sourceTree = BUILT_PRODUCTS_DIR; };
		50089E938E1C635E540A9108 /* Pods-SwimmingInstructorLocatorTests.release.xcconfig */ = {isa = PBXFileReference; includeInIndex = 1; lastKnownFileType = text.xcconfig; name = "Pods-SwimmingInstructorLocatorTests.release.xcconfig"; path = "Target Support Files/Pods-SwimmingInstructorLocatorTests/Pods-SwimmingInstructorLocatorTests.release.xcconfig"; sourceTree = "<group>"; };
		60AC22DFC3612F2E115DCB25 /* Pods-SwimmingInstructorLocator.release.xcconfig */ = {isa = PBXFileReference; includeInIndex = 1; lastKnownFileType = text.xcconfig; name = "Pods-SwimmingInstructorLocator.release.xcconfig"; path = "Target Support Files/Pods-SwimmingInstructorLocator/Pods-SwimmingInstructorLocator.release.xcconfig"; sourceTree = "<group>"; };
		7256F1AF2F86600E61E153E0 /* Pods-SwimmingInstructorLocatorTests.debug.xcconfig */ = {isa = PBXFileReference; includeInIndex = 1; lastKnownFileType = text.xcconfig; name = "Pods-SwimmingInstructorLocatorTests.debug.xcconfig"; path = "Target Support Files/Pods-SwimmingInstructorLocatorTests/Pods-SwimmingInstructorLocatorTests.debug.xcconfig"; sourceTree = "<group>"; };
		8A9BE97DCFD85208CE28644B /* Pods_SwimmingInstructorLocatorTests.framework */ = {isa = PBXFileReference; explicitFileType = wrapper.framework; includeInIndex = 0; path = Pods_SwimmingInstructorLocatorTests.framework; sourceTree = BUILT_PRODUCTS_DIR; };
		E42E63CA2BB19E4F0000FA71 /* HomePresenter.swift */ = {isa = PBXFileReference; lastKnownFileType = sourcecode.swift; path = HomePresenter.swift; sourceTree = "<group>"; };
		E42E63CC2BB19FCF0000FA71 /* HomeContract.swift */ = {isa = PBXFileReference; lastKnownFileType = sourcecode.swift; path = HomeContract.swift; sourceTree = "<group>"; };
		E42E63D72BB1A6DE0000FA71 /* CenterService.swift */ = {isa = PBXFileReference; lastKnownFileType = sourcecode.swift; path = CenterService.swift; sourceTree = "<group>"; };
		E42E63DA2BB1A6EA0000FA71 /* CenterServiceProto.swift */ = {isa = PBXFileReference; lastKnownFileType = sourcecode.swift; path = CenterServiceProto.swift; sourceTree = "<group>"; };
		E42E63DC2BB1C4420000FA71 /* CenterRepo.swift */ = {isa = PBXFileReference; lastKnownFileType = sourcecode.swift; path = CenterRepo.swift; sourceTree = "<group>"; };
		E43A48982BAEE45200469395 /* CenterCollectionViewCell.swift */ = {isa = PBXFileReference; lastKnownFileType = sourcecode.swift; path = CenterCollectionViewCell.swift; sourceTree = "<group>"; };
		E43A489C2BAF901400469395 /* InstructorCollectionViewCell.swift */ = {isa = PBXFileReference; lastKnownFileType = sourcecode.swift; path = InstructorCollectionViewCell.swift; sourceTree = "<group>"; };
		E43A489E2BAF9B9900469395 /* ja */ = {isa = PBXFileReference; lastKnownFileType = text.plist.strings; name = ja; path = ja.lproj/Main.strings; sourceTree = "<group>"; };
		E43A489F2BAF9B9900469395 /* ja */ = {isa = PBXFileReference; lastKnownFileType = text.plist.strings; name = ja; path = ja.lproj/LaunchScreen.strings; sourceTree = "<group>"; };
		E43F10132B9E4CE000602228 /* LaunchScreenContentViewController.swift */ = {isa = PBXFileReference; lastKnownFileType = sourcecode.swift; path = LaunchScreenContentViewController.swift; sourceTree = "<group>"; };
		E43F10152B9EE5A700602228 /* NotificationExt.swift */ = {isa = PBXFileReference; lastKnownFileType = sourcecode.swift; path = NotificationExt.swift; sourceTree = "<group>"; };
		E43F109B2B9F650900602228 /* HomeViewController.swift */ = {isa = PBXFileReference; lastKnownFileType = sourcecode.swift; path = HomeViewController.swift; sourceTree = "<group>"; };
		E43F109D2B9F651800602228 /* CalendarViewController.swift */ = {isa = PBXFileReference; lastKnownFileType = sourcecode.swift; path = CalendarViewController.swift; sourceTree = "<group>"; };
		E43F109F2B9F652100602228 /* NotificationViewController.swift */ = {isa = PBXFileReference; lastKnownFileType = sourcecode.swift; path = NotificationViewController.swift; sourceTree = "<group>"; };
		E460377A2BACFE7900F6BE91 /* SideMenuViewController.swift */ = {isa = PBXFileReference; lastKnownFileType = sourcecode.swift; path = SideMenuViewController.swift; sourceTree = "<group>"; };
		E460377E2BAD18B400F6BE91 /* Authentication.storyboard */ = {isa = PBXFileReference; lastKnownFileType = file.storyboard; path = Authentication.storyboard; sourceTree = "<group>"; };
		E46037812BAD240100F6BE91 /* LoginViewController.swift */ = {isa = PBXFileReference; lastKnownFileType = sourcecode.swift; path = LoginViewController.swift; sourceTree = "<group>"; };
		E46037832BAD240F00F6BE91 /* RegisterViewController.swift */ = {isa = PBXFileReference; lastKnownFileType = sourcecode.swift; path = RegisterViewController.swift; sourceTree = "<group>"; };
		E4687BC42B9FD0EB008E7A18 /* Appointment.swift */ = {isa = PBXFileReference; lastKnownFileType = sourcecode.swift; path = Appointment.swift; sourceTree = "<group>"; };
		E4687BC62B9FD0F4008E7A18 /* Center.swift */ = {isa = PBXFileReference; lastKnownFileType = sourcecode.swift; path = Center.swift; sourceTree = "<group>"; };
		E4687BC82B9FD103008E7A18 /* User.swift */ = {isa = PBXFileReference; lastKnownFileType = sourcecode.swift; path = User.swift; sourceTree = "<group>"; };
		E4687BCA2B9FD111008E7A18 /* Instructor.swift */ = {isa = PBXFileReference; lastKnownFileType = sourcecode.swift; path = Instructor.swift; sourceTree = "<group>"; };
		E4687BCC2B9FD118008E7A18 /* Course.swift */ = {isa = PBXFileReference; lastKnownFileType = sourcecode.swift; path = Course.swift; sourceTree = "<group>"; };
		E4687BCE2BA07B06008E7A18 /* APICaller.swift */ = {isa = PBXFileReference; lastKnownFileType = sourcecode.swift; path = APICaller.swift; sourceTree = "<group>"; };
		E46BA7CE2BB6AB2400B45053 /* Constant.swift */ = {isa = PBXFileReference; lastKnownFileType = sourcecode.swift; path = Constant.swift; sourceTree = "<group>"; };
		E46BA7D02BB6ABCF00B45053 /* CenterAPI.swift */ = {isa = PBXFileReference; lastKnownFileType = sourcecode.swift; path = CenterAPI.swift; sourceTree = "<group>"; };
		E47418442BA60E0000EF21AA /* SideMenuTableViewController.swift */ = {isa = PBXFileReference; lastKnownFileType = sourcecode.swift; path = SideMenuTableViewController.swift; sourceTree = "<group>"; };
		E4CE8D6B2BAE9E9C0094B271 /* HeroHelper.swift */ = {isa = PBXFileReference; lastKnownFileType = sourcecode.swift; path = HeroHelper.swift; sourceTree = "<group>"; };
		E4F5D94E2B9DB464006C5BF2 /* SwimmingInstructorLocator.app */ = {isa = PBXFileReference; explicitFileType = wrapper.application; includeInIndex = 0; path = SwimmingInstructorLocator.app; sourceTree = BUILT_PRODUCTS_DIR; };
		E4F5D9512B9DB464006C5BF2 /* AppDelegate.swift */ = {isa = PBXFileReference; lastKnownFileType = sourcecode.swift; path = AppDelegate.swift; sourceTree = "<group>"; };
		E4F5D9532B9DB464006C5BF2 /* SceneDelegate.swift */ = {isa = PBXFileReference; lastKnownFileType = sourcecode.swift; path = SceneDelegate.swift; sourceTree = "<group>"; };
		E4F5D9552B9DB464006C5BF2 /* ViewController.swift */ = {isa = PBXFileReference; lastKnownFileType = sourcecode.swift; path = ViewController.swift; sourceTree = "<group>"; };
		E4F5D9582B9DB464006C5BF2 /* Base */ = {isa = PBXFileReference; lastKnownFileType = file.storyboard; name = Base; path = Base.lproj/Main.storyboard; sourceTree = "<group>"; };
		E4F5D95B2B9DB464006C5BF2 /* SwimmingInstructorLocator.xcdatamodel */ = {isa = PBXFileReference; lastKnownFileType = wrapper.xcdatamodel; path = SwimmingInstructorLocator.xcdatamodel; sourceTree = "<group>"; };
		E4F5D95D2B9DB466006C5BF2 /* Assets.xcassets */ = {isa = PBXFileReference; lastKnownFileType = folder.assetcatalog; path = Assets.xcassets; sourceTree = "<group>"; };
		E4F5D9602B9DB466006C5BF2 /* Base */ = {isa = PBXFileReference; lastKnownFileType = file.storyboard; name = Base; path = Base.lproj/LaunchScreen.storyboard; sourceTree = "<group>"; };
		E4F5D9622B9DB466006C5BF2 /* Info.plist */ = {isa = PBXFileReference; lastKnownFileType = text.plist.xml; path = Info.plist; sourceTree = "<group>"; };
		E4F5D9672B9DB467006C5BF2 /* SwimmingInstructorLocatorTests.xctest */ = {isa = PBXFileReference; explicitFileType = wrapper.cfbundle; includeInIndex = 0; path = SwimmingInstructorLocatorTests.xctest; sourceTree = BUILT_PRODUCTS_DIR; };
		E4F5D96B2B9DB467006C5BF2 /* SwimmingInstructorLocatorTests.swift */ = {isa = PBXFileReference; lastKnownFileType = sourcecode.swift; path = SwimmingInstructorLocatorTests.swift; sourceTree = "<group>"; };
		E4F5D9712B9DB467006C5BF2 /* SwimmingInstructorLocatorUITests.xctest */ = {isa = PBXFileReference; explicitFileType = wrapper.cfbundle; includeInIndex = 0; path = SwimmingInstructorLocatorUITests.xctest; sourceTree = BUILT_PRODUCTS_DIR; };
		E4F5D9752B9DB467006C5BF2 /* SwimmingInstructorLocatorUITests.swift */ = {isa = PBXFileReference; lastKnownFileType = sourcecode.swift; path = SwimmingInstructorLocatorUITests.swift; sourceTree = "<group>"; };
		E4F5D9772B9DB467006C5BF2 /* SwimmingInstructorLocatorUITestsLaunchTests.swift */ = {isa = PBXFileReference; lastKnownFileType = sourcecode.swift; path = SwimmingInstructorLocatorUITestsLaunchTests.swift; sourceTree = "<group>"; };
		E4F5D98E2B9DBEDE006C5BF2 /* LaunchScreenPageViewController.swift */ = {isa = PBXFileReference; lastKnownFileType = sourcecode.swift; path = LaunchScreenPageViewController.swift; sourceTree = "<group>"; };
		F0259EB9540C7E8FFF08C746 /* Pods-SwimmingInstructorLocator-SwimmingInstructorLocatorUITests.debug.xcconfig */ = {isa = PBXFileReference; includeInIndex = 1; lastKnownFileType = text.xcconfig; name = "Pods-SwimmingInstructorLocator-SwimmingInstructorLocatorUITests.debug.xcconfig"; path = "Target Support Files/Pods-SwimmingInstructorLocator-SwimmingInstructorLocatorUITests/Pods-SwimmingInstructorLocator-SwimmingInstructorLocatorUITests.debug.xcconfig"; sourceTree = "<group>"; };
/* End PBXFileReference section */

/* Begin PBXFrameworksBuildPhase section */
		E4F5D94B2B9DB464006C5BF2 /* Frameworks */ = {
			isa = PBXFrameworksBuildPhase;
			buildActionMask = 2147483647;
			files = (
				774E1CCEE7C8243BC2191344 /* Pods_SwimmingInstructorLocator.framework in Frameworks */,
			);
			runOnlyForDeploymentPostprocessing = 0;
		};
		E4F5D9642B9DB467006C5BF2 /* Frameworks */ = {
			isa = PBXFrameworksBuildPhase;
			buildActionMask = 2147483647;
			files = (
				2BE3AD0832BF780D54561117 /* Pods_SwimmingInstructorLocatorTests.framework in Frameworks */,
			);
			runOnlyForDeploymentPostprocessing = 0;
		};
		E4F5D96E2B9DB467006C5BF2 /* Frameworks */ = {
			isa = PBXFrameworksBuildPhase;
			buildActionMask = 2147483647;
			files = (
				92A5A6D7FB02F4B5A2091B5C /* Pods_SwimmingInstructorLocator_SwimmingInstructorLocatorUITests.framework in Frameworks */,
			);
			runOnlyForDeploymentPostprocessing = 0;
		};
/* End PBXFrameworksBuildPhase section */

/* Begin PBXGroup section */
		E42E63C52BB199800000FA71 /* UI */ = {
			isa = PBXGroup;
			children = (
				E42E63C92BB19E210000FA71 /* SideMenu */,
				E42E63C82BB19E170000FA71 /* Notification */,
				E42E63C72BB19E0B0000FA71 /* Calendar */,
				E42E63C62BB19C740000FA71 /* Home */,
				E47418442BA60E0000EF21AA /* SideMenuTableViewController.swift */,
				E460377A2BACFE7900F6BE91 /* SideMenuViewController.swift */,
			);
			path = UI;
			sourceTree = "<group>";
		};
		E42E63C62BB19C740000FA71 /* Home */ = {
			isa = PBXGroup;
			children = (
			);
			path = Home;
			sourceTree = "<group>";
		};
		E42E63C72BB19E0B0000FA71 /* Calendar */ = {
			isa = PBXGroup;
			children = (
				E43F109D2B9F651800602228 /* CalendarViewController.swift */,
			);
			path = Calendar;
			sourceTree = "<group>";
		};
		E42E63C82BB19E170000FA71 /* Notification */ = {
			isa = PBXGroup;
			children = (
				E43F109F2B9F652100602228 /* NotificationViewController.swift */,
			);
			path = Notification;
			sourceTree = "<group>";
		};
		E42E63C92BB19E210000FA71 /* SideMenu */ = {
			isa = PBXGroup;
			children = (
			);
			path = SideMenu;
			sourceTree = "<group>";
		};
		E42E63D22BB1A6040000FA71 /* UI */ = {
			isa = PBXGroup;
			children = (
				E42E63CC2BB19FCF0000FA71 /* HomeContract.swift */,
				E42E63CA2BB19E4F0000FA71 /* HomePresenter.swift */,
				E43F109B2B9F650900602228 /* HomeViewController.swift */,
			);
			path = UI;
			sourceTree = "<group>";
		};
		E42E63D32BB1A65A0000FA71 /* Repo */ = {
			isa = PBXGroup;
			children = (
				E42E63DC2BB1C4420000FA71 /* CenterRepo.swift */,
			);
			path = Repo;
			sourceTree = "<group>";
		};
		E42E63D42BB1A6730000FA71 /* API */ = {
			isa = PBXGroup;
			children = (
				E46BA7D02BB6ABCF00B45053 /* CenterAPI.swift */,
			);
			path = API;
			sourceTree = "<group>";
		};
		E42E63D52BB1A6790000FA71 /* Service */ = {
			isa = PBXGroup;
			children = (
				E42E63D92BB1A6E10000FA71 /* Protocol */,
				E42E63D72BB1A6DE0000FA71 /* CenterService.swift */,
			);
			name = Service;
			path = "Sẻvice";
			sourceTree = "<group>";
		};
		E42E63D62BB1A6AD0000FA71 /* Data */ = {
			isa = PBXGroup;
			children = (
				E4F5D98D2B9DB561006C5BF2 /* Model */,
				E42E63D32BB1A65A0000FA71 /* Repo */,
				E42E63D52BB1A6790000FA71 /* Service */,
			);
			name = Data;
			path = "Dât";
			sourceTree = "<group>";
		};
		E42E63D92BB1A6E10000FA71 /* Protocol */ = {
			isa = PBXGroup;
			children = (
				E42E63DA2BB1A6EA0000FA71 /* CenterServiceProto.swift */,
			);
			path = Protocol;
			sourceTree = "<group>";
		};
		E43A48972BAEE3FA00469395 /* Home */ = {
			isa = PBXGroup;
			children = (
				E42E63D22BB1A6040000FA71 /* UI */,
				E43A48982BAEE45200469395 /* CenterCollectionViewCell.swift */,
				E43A489C2BAF901400469395 /* InstructorCollectionViewCell.swift */,
			);
			path = Home;
			sourceTree = "<group>";
		};
		E46037802BAD23F400F6BE91 /* Authentication */ = {
			isa = PBXGroup;
			children = (
				E46037812BAD240100F6BE91 /* LoginViewController.swift */,
				E46037832BAD240F00F6BE91 /* RegisterViewController.swift */,
			);
			path = Authentication;
			sourceTree = "<group>";
		};
		E4687BC22B9F6B1D008E7A18 /* LaunchScreen */ = {
			isa = PBXGroup;
			children = (
				E4F5D98E2B9DBEDE006C5BF2 /* LaunchScreenPageViewController.swift */,
				E43F10132B9E4CE000602228 /* LaunchScreenContentViewController.swift */,
			);
			path = LaunchScreen;
			sourceTree = "<group>";
		};
		E4F5D9452B9DB464006C5BF2 = {
			isa = PBXGroup;
			children = (
				E4F5D9502B9DB464006C5BF2 /* SwimmingInstructorLocator */,
				E4F5D96A2B9DB467006C5BF2 /* SwimmingInstructorLocatorTests */,
				E4F5D9742B9DB467006C5BF2 /* SwimmingInstructorLocatorUITests */,
				E4F5D94F2B9DB464006C5BF2 /* Products */,
				E8D4C963516B2B343B804532 /* Pods */,
				EFB415E922ECDCED15AB2EEA /* Frameworks */,
			);
			sourceTree = "<group>";
		};
		E4F5D94F2B9DB464006C5BF2 /* Products */ = {
			isa = PBXGroup;
			children = (
				E4F5D94E2B9DB464006C5BF2 /* SwimmingInstructorLocator.app */,
				E4F5D9672B9DB467006C5BF2 /* SwimmingInstructorLocatorTests.xctest */,
				E4F5D9712B9DB467006C5BF2 /* SwimmingInstructorLocatorUITests.xctest */,
			);
			name = Products;
			sourceTree = "<group>";
		};
		E4F5D9502B9DB464006C5BF2 /* SwimmingInstructorLocator */ = {
			isa = PBXGroup;
			children = (
				E42E63D42BB1A6730000FA71 /* API */,
				E4F5D9882B9DB53D006C5BF2 /* Constants */,
				E4F5D9892B9DB54A006C5BF2 /* Controller */,
				E42E63D62BB1A6AD0000FA71 /* Data */,
				E4F5D9842B9DB471006C5BF2 /* Extensions */,
				E4F5D9872B9DB531006C5BF2 /* Util */,
				E4F5D98A2B9DB54D006C5BF2 /* View */,
				E4F5D9512B9DB464006C5BF2 /* AppDelegate.swift */,
				E4F5D9532B9DB464006C5BF2 /* SceneDelegate.swift */,
				E4F5D9552B9DB464006C5BF2 /* ViewController.swift */,
				E4F5D95D2B9DB466006C5BF2 /* Assets.xcassets */,
				E4F5D9622B9DB466006C5BF2 /* Info.plist */,
				E4F5D95A2B9DB464006C5BF2 /* SwimmingInstructorLocator.xcdatamodeld */,
			);
			path = SwimmingInstructorLocator;
			sourceTree = "<group>";
		};
		E4F5D96A2B9DB467006C5BF2 /* SwimmingInstructorLocatorTests */ = {
			isa = PBXGroup;
			children = (
				E4F5D96B2B9DB467006C5BF2 /* SwimmingInstructorLocatorTests.swift */,
			);
			path = SwimmingInstructorLocatorTests;
			sourceTree = "<group>";
		};
		E4F5D9742B9DB467006C5BF2 /* SwimmingInstructorLocatorUITests */ = {
			isa = PBXGroup;
			children = (
				E4F5D9752B9DB467006C5BF2 /* SwimmingInstructorLocatorUITests.swift */,
				E4F5D9772B9DB467006C5BF2 /* SwimmingInstructorLocatorUITestsLaunchTests.swift */,
			);
			path = SwimmingInstructorLocatorUITests;
			sourceTree = "<group>";
		};
		E4F5D9842B9DB471006C5BF2 /* Extensions */ = {
			isa = PBXGroup;
			children = (
				E43F10152B9EE5A700602228 /* NotificationExt.swift */,
			);
			path = Extensions;
			sourceTree = "<group>";
		};
		E4F5D9872B9DB531006C5BF2 /* Util */ = {
			isa = PBXGroup;
			children = (
				E4687BCE2BA07B06008E7A18 /* APICaller.swift */,
				E4CE8D6B2BAE9E9C0094B271 /* HeroHelper.swift */,
			);
			path = Util;
			sourceTree = "<group>";
		};
		E4F5D9882B9DB53D006C5BF2 /* Constants */ = {
			isa = PBXGroup;
			children = (
				E46BA7CE2BB6AB2400B45053 /* Constant.swift */,
			);
			path = Constants;
			sourceTree = "<group>";
		};
		E4F5D9892B9DB54A006C5BF2 /* Controller */ = {
			isa = PBXGroup;
			children = (
				E43A48972BAEE3FA00469395 /* Home */,
				E46037802BAD23F400F6BE91 /* Authentication */,
				E4687BC22B9F6B1D008E7A18 /* LaunchScreen */,
				E42E63C52BB199800000FA71 /* UI */,
			);
			path = Controller;
			sourceTree = "<group>";
		};
		E4F5D98A2B9DB54D006C5BF2 /* View */ = {
			isa = PBXGroup;
			children = (
				E4F5D98C2B9DB558006C5BF2 /* Storyboard */,
				E4F5D98B2B9DB555006C5BF2 /* Xib */,
			);
			path = View;
			sourceTree = "<group>";
		};
		E4F5D98B2B9DB555006C5BF2 /* Xib */ = {
			isa = PBXGroup;
			children = (
			);
			path = Xib;
			sourceTree = "<group>";
		};
		E4F5D98C2B9DB558006C5BF2 /* Storyboard */ = {
			isa = PBXGroup;
			children = (
				E4F5D9572B9DB464006C5BF2 /* Main.storyboard */,
				E4F5D95F2B9DB466006C5BF2 /* LaunchScreen.storyboard */,
				E460377E2BAD18B400F6BE91 /* Authentication.storyboard */,
			);
			path = Storyboard;
			sourceTree = "<group>";
		};
		E4F5D98D2B9DB561006C5BF2 /* Model */ = {
			isa = PBXGroup;
			children = (
				E4687BC42B9FD0EB008E7A18 /* Appointment.swift */,
				E4687BC62B9FD0F4008E7A18 /* Center.swift */,
				E4687BC82B9FD103008E7A18 /* User.swift */,
				E4687BCA2B9FD111008E7A18 /* Instructor.swift */,
				E4687BCC2B9FD118008E7A18 /* Course.swift */,
			);
			path = Model;
			sourceTree = "<group>";
		};
		E8D4C963516B2B343B804532 /* Pods */ = {
			isa = PBXGroup;
			children = (
				1470653404370BD3C7E890A7 /* Pods-SwimmingInstructorLocator.debug.xcconfig */,
				60AC22DFC3612F2E115DCB25 /* Pods-SwimmingInstructorLocator.release.xcconfig */,
				F0259EB9540C7E8FFF08C746 /* Pods-SwimmingInstructorLocator-SwimmingInstructorLocatorUITests.debug.xcconfig */,
				3E15D51B483511D821C588C5 /* Pods-SwimmingInstructorLocator-SwimmingInstructorLocatorUITests.release.xcconfig */,
				7256F1AF2F86600E61E153E0 /* Pods-SwimmingInstructorLocatorTests.debug.xcconfig */,
				50089E938E1C635E540A9108 /* Pods-SwimmingInstructorLocatorTests.release.xcconfig */,
			);
			path = Pods;
			sourceTree = "<group>";
		};
		EFB415E922ECDCED15AB2EEA /* Frameworks */ = {
			isa = PBXGroup;
			children = (
				079879E66BB7E0D71FA7F437 /* Pods_SwimmingInstructorLocator.framework */,
				4BD45739D2F8C5EF016FBC6F /* Pods_SwimmingInstructorLocator_SwimmingInstructorLocatorUITests.framework */,
				8A9BE97DCFD85208CE28644B /* Pods_SwimmingInstructorLocatorTests.framework */,
			);
			name = Frameworks;
			sourceTree = "<group>";
		};
/* End PBXGroup section */

/* Begin PBXNativeTarget section */
		E4F5D94D2B9DB464006C5BF2 /* SwimmingInstructorLocator */ = {
			isa = PBXNativeTarget;
			buildConfigurationList = E4F5D97B2B9DB467006C5BF2 /* Build configuration list for PBXNativeTarget "SwimmingInstructorLocator" */;
			buildPhases = (
				9D5AA779522D6AECBADB02FB /* [CP] Check Pods Manifest.lock */,
				E4F5D94A2B9DB464006C5BF2 /* Sources */,
				E4F5D94B2B9DB464006C5BF2 /* Frameworks */,
				E4F5D94C2B9DB464006C5BF2 /* Resources */,
				F5D83E034D4F956DD6490040 /* [CP] Embed Pods Frameworks */,
			);
			buildRules = (
			);
			dependencies = (
			);
			name = SwimmingInstructorLocator;
			productName = SwimmingInstructorLocator;
			productReference = E4F5D94E2B9DB464006C5BF2 /* SwimmingInstructorLocator.app */;
			productType = "com.apple.product-type.application";
		};
		E4F5D9662B9DB467006C5BF2 /* SwimmingInstructorLocatorTests */ = {
			isa = PBXNativeTarget;
			buildConfigurationList = E4F5D97E2B9DB467006C5BF2 /* Build configuration list for PBXNativeTarget "SwimmingInstructorLocatorTests" */;
			buildPhases = (
				2182E7A7AC4BCA2E0C3F5C5B /* [CP] Check Pods Manifest.lock */,
				E4F5D9632B9DB467006C5BF2 /* Sources */,
				E4F5D9642B9DB467006C5BF2 /* Frameworks */,
				E4F5D9652B9DB467006C5BF2 /* Resources */,
			);
			buildRules = (
			);
			dependencies = (
				E4F5D9692B9DB467006C5BF2 /* PBXTargetDependency */,
			);
			name = SwimmingInstructorLocatorTests;
			productName = SwimmingInstructorLocatorTests;
			productReference = E4F5D9672B9DB467006C5BF2 /* SwimmingInstructorLocatorTests.xctest */;
			productType = "com.apple.product-type.bundle.unit-test";
		};
		E4F5D9702B9DB467006C5BF2 /* SwimmingInstructorLocatorUITests */ = {
			isa = PBXNativeTarget;
			buildConfigurationList = E4F5D9812B9DB467006C5BF2 /* Build configuration list for PBXNativeTarget "SwimmingInstructorLocatorUITests" */;
			buildPhases = (
				6B6CE1596542D1745C656752 /* [CP] Check Pods Manifest.lock */,
				E4F5D96D2B9DB467006C5BF2 /* Sources */,
				E4F5D96E2B9DB467006C5BF2 /* Frameworks */,
				E4F5D96F2B9DB467006C5BF2 /* Resources */,
				7127CAEB71403EF9DD18BF10 /* [CP] Embed Pods Frameworks */,
			);
			buildRules = (
			);
			dependencies = (
				E4F5D9732B9DB467006C5BF2 /* PBXTargetDependency */,
			);
			name = SwimmingInstructorLocatorUITests;
			productName = SwimmingInstructorLocatorUITests;
			productReference = E4F5D9712B9DB467006C5BF2 /* SwimmingInstructorLocatorUITests.xctest */;
			productType = "com.apple.product-type.bundle.ui-testing";
		};
/* End PBXNativeTarget section */

/* Begin PBXProject section */
		E4F5D9462B9DB464006C5BF2 /* Project object */ = {
			isa = PBXProject;
			attributes = {
				BuildIndependentTargetsInParallel = 1;
				LastSwiftUpdateCheck = 1500;
				LastUpgradeCheck = 1500;
				TargetAttributes = {
					E4F5D94D2B9DB464006C5BF2 = {
						CreatedOnToolsVersion = 15.0;
					};
					E4F5D9662B9DB467006C5BF2 = {
						CreatedOnToolsVersion = 15.0;
						TestTargetID = E4F5D94D2B9DB464006C5BF2;
					};
					E4F5D9702B9DB467006C5BF2 = {
						CreatedOnToolsVersion = 15.0;
						TestTargetID = E4F5D94D2B9DB464006C5BF2;
					};
				};
			};
			buildConfigurationList = E4F5D9492B9DB464006C5BF2 /* Build configuration list for PBXProject "SwimmingInstructorLocator" */;
			compatibilityVersion = "Xcode 14.0";
			developmentRegion = en;
			hasScannedForEncodings = 0;
			knownRegions = (
				en,
				Base,
				ja,
			);
			mainGroup = E4F5D9452B9DB464006C5BF2;
			productRefGroup = E4F5D94F2B9DB464006C5BF2 /* Products */;
			projectDirPath = "";
			projectRoot = "";
			targets = (
				E4F5D94D2B9DB464006C5BF2 /* SwimmingInstructorLocator */,
				E4F5D9662B9DB467006C5BF2 /* SwimmingInstructorLocatorTests */,
				E4F5D9702B9DB467006C5BF2 /* SwimmingInstructorLocatorUITests */,
			);
		};
/* End PBXProject section */

/* Begin PBXResourcesBuildPhase section */
		E4F5D94C2B9DB464006C5BF2 /* Resources */ = {
			isa = PBXResourcesBuildPhase;
			buildActionMask = 2147483647;
			files = (
				E4F5D9612B9DB466006C5BF2 /* LaunchScreen.storyboard in Resources */,
				E460377F2BAD18B400F6BE91 /* Authentication.storyboard in Resources */,
				E4F5D95E2B9DB466006C5BF2 /* Assets.xcassets in Resources */,
				E4F5D9592B9DB464006C5BF2 /* Main.storyboard in Resources */,
			);
			runOnlyForDeploymentPostprocessing = 0;
		};
		E4F5D9652B9DB467006C5BF2 /* Resources */ = {
			isa = PBXResourcesBuildPhase;
			buildActionMask = 2147483647;
			files = (
			);
			runOnlyForDeploymentPostprocessing = 0;
		};
		E4F5D96F2B9DB467006C5BF2 /* Resources */ = {
			isa = PBXResourcesBuildPhase;
			buildActionMask = 2147483647;
			files = (
			);
			runOnlyForDeploymentPostprocessing = 0;
		};
/* End PBXResourcesBuildPhase section */

/* Begin PBXShellScriptBuildPhase section */
		2182E7A7AC4BCA2E0C3F5C5B /* [CP] Check Pods Manifest.lock */ = {
			isa = PBXShellScriptBuildPhase;
			buildActionMask = 2147483647;
			files = (
			);
			inputFileListPaths = (
			);
			inputPaths = (
				"${PODS_PODFILE_DIR_PATH}/Podfile.lock",
				"${PODS_ROOT}/Manifest.lock",
			);
			name = "[CP] Check Pods Manifest.lock";
			outputFileListPaths = (
			);
			outputPaths = (
				"$(DERIVED_FILE_DIR)/Pods-SwimmingInstructorLocatorTests-checkManifestLockResult.txt",
			);
			runOnlyForDeploymentPostprocessing = 0;
			shellPath = /bin/sh;
			shellScript = "diff \"${PODS_PODFILE_DIR_PATH}/Podfile.lock\" \"${PODS_ROOT}/Manifest.lock\" > /dev/null\nif [ $? != 0 ] ; then\n    # print error to STDERR\n    echo \"error: The sandbox is not in sync with the Podfile.lock. Run 'pod install' or update your CocoaPods installation.\" >&2\n    exit 1\nfi\n# This output is used by Xcode 'outputs' to avoid re-running this script phase.\necho \"SUCCESS\" > \"${SCRIPT_OUTPUT_FILE_0}\"\n";
			showEnvVarsInLog = 0;
		};
		6B6CE1596542D1745C656752 /* [CP] Check Pods Manifest.lock */ = {
			isa = PBXShellScriptBuildPhase;
			buildActionMask = 2147483647;
			files = (
			);
			inputFileListPaths = (
			);
			inputPaths = (
				"${PODS_PODFILE_DIR_PATH}/Podfile.lock",
				"${PODS_ROOT}/Manifest.lock",
			);
			name = "[CP] Check Pods Manifest.lock";
			outputFileListPaths = (
			);
			outputPaths = (
				"$(DERIVED_FILE_DIR)/Pods-SwimmingInstructorLocator-SwimmingInstructorLocatorUITests-checkManifestLockResult.txt",
			);
			runOnlyForDeploymentPostprocessing = 0;
			shellPath = /bin/sh;
			shellScript = "diff \"${PODS_PODFILE_DIR_PATH}/Podfile.lock\" \"${PODS_ROOT}/Manifest.lock\" > /dev/null\nif [ $? != 0 ] ; then\n    # print error to STDERR\n    echo \"error: The sandbox is not in sync with the Podfile.lock. Run 'pod install' or update your CocoaPods installation.\" >&2\n    exit 1\nfi\n# This output is used by Xcode 'outputs' to avoid re-running this script phase.\necho \"SUCCESS\" > \"${SCRIPT_OUTPUT_FILE_0}\"\n";
			showEnvVarsInLog = 0;
		};
		7127CAEB71403EF9DD18BF10 /* [CP] Embed Pods Frameworks */ = {
			isa = PBXShellScriptBuildPhase;
			buildActionMask = 2147483647;
			files = (
			);
			inputFileListPaths = (
				"${PODS_ROOT}/Target Support Files/Pods-SwimmingInstructorLocator-SwimmingInstructorLocatorUITests/Pods-SwimmingInstructorLocator-SwimmingInstructorLocatorUITests-frameworks-${CONFIGURATION}-input-files.xcfilelist",
			);
			name = "[CP] Embed Pods Frameworks";
			outputFileListPaths = (
				"${PODS_ROOT}/Target Support Files/Pods-SwimmingInstructorLocator-SwimmingInstructorLocatorUITests/Pods-SwimmingInstructorLocator-SwimmingInstructorLocatorUITests-frameworks-${CONFIGURATION}-output-files.xcfilelist",
			);
			runOnlyForDeploymentPostprocessing = 0;
			shellPath = /bin/sh;
			shellScript = "\"${PODS_ROOT}/Target Support Files/Pods-SwimmingInstructorLocator-SwimmingInstructorLocatorUITests/Pods-SwimmingInstructorLocator-SwimmingInstructorLocatorUITests-frameworks.sh\"\n";
			showEnvVarsInLog = 0;
		};
		9D5AA779522D6AECBADB02FB /* [CP] Check Pods Manifest.lock */ = {
			isa = PBXShellScriptBuildPhase;
			buildActionMask = 2147483647;
			files = (
			);
			inputFileListPaths = (
			);
			inputPaths = (
				"${PODS_PODFILE_DIR_PATH}/Podfile.lock",
				"${PODS_ROOT}/Manifest.lock",
			);
			name = "[CP] Check Pods Manifest.lock";
			outputFileListPaths = (
			);
			outputPaths = (
				"$(DERIVED_FILE_DIR)/Pods-SwimmingInstructorLocator-checkManifestLockResult.txt",
			);
			runOnlyForDeploymentPostprocessing = 0;
			shellPath = /bin/sh;
			shellScript = "diff \"${PODS_PODFILE_DIR_PATH}/Podfile.lock\" \"${PODS_ROOT}/Manifest.lock\" > /dev/null\nif [ $? != 0 ] ; then\n    # print error to STDERR\n    echo \"error: The sandbox is not in sync with the Podfile.lock. Run 'pod install' or update your CocoaPods installation.\" >&2\n    exit 1\nfi\n# This output is used by Xcode 'outputs' to avoid re-running this script phase.\necho \"SUCCESS\" > \"${SCRIPT_OUTPUT_FILE_0}\"\n";
			showEnvVarsInLog = 0;
		};
		F5D83E034D4F956DD6490040 /* [CP] Embed Pods Frameworks */ = {
			isa = PBXShellScriptBuildPhase;
			buildActionMask = 2147483647;
			files = (
			);
			inputFileListPaths = (
				"${PODS_ROOT}/Target Support Files/Pods-SwimmingInstructorLocator/Pods-SwimmingInstructorLocator-frameworks-${CONFIGURATION}-input-files.xcfilelist",
			);
			name = "[CP] Embed Pods Frameworks";
			outputFileListPaths = (
				"${PODS_ROOT}/Target Support Files/Pods-SwimmingInstructorLocator/Pods-SwimmingInstructorLocator-frameworks-${CONFIGURATION}-output-files.xcfilelist",
			);
			runOnlyForDeploymentPostprocessing = 0;
			shellPath = /bin/sh;
			shellScript = "\"${PODS_ROOT}/Target Support Files/Pods-SwimmingInstructorLocator/Pods-SwimmingInstructorLocator-frameworks.sh\"\n";
			showEnvVarsInLog = 0;
		};
/* End PBXShellScriptBuildPhase section */

/* Begin PBXSourcesBuildPhase section */
		E4F5D94A2B9DB464006C5BF2 /* Sources */ = {
			isa = PBXSourcesBuildPhase;
			buildActionMask = 2147483647;
			files = (
				E4CE8D6C2BAE9E9C0094B271 /* HeroHelper.swift in Sources */,
				E4687BC92B9FD103008E7A18 /* User.swift in Sources */,
				E42E63DB2BB1A6EA0000FA71 /* CenterServiceProto.swift in Sources */,
				E43F10A02B9F652100602228 /* NotificationViewController.swift in Sources */,
				E4F5D9562B9DB464006C5BF2 /* ViewController.swift in Sources */,
				E4687BC52B9FD0EB008E7A18 /* Appointment.swift in Sources */,
				E46037822BAD240100F6BE91 /* LoginViewController.swift in Sources */,
				E47418452BA60E0000EF21AA /* SideMenuTableViewController.swift in Sources */,
				E42E63CD2BB19FCF0000FA71 /* HomeContract.swift in Sources */,
				E43F10162B9EE5A700602228 /* NotificationExt.swift in Sources */,
				E4687BC72B9FD0F4008E7A18 /* Center.swift in Sources */,
				E4687BCB2B9FD111008E7A18 /* Instructor.swift in Sources */,
				E4687BCF2BA07B06008E7A18 /* APICaller.swift in Sources */,
				E43A489D2BAF901400469395 /* InstructorCollectionViewCell.swift in Sources */,
				E43F10142B9E4CE000602228 /* LaunchScreenContentViewController.swift in Sources */,
				E46037842BAD240F00F6BE91 /* RegisterViewController.swift in Sources */,
				E43F109C2B9F650900602228 /* HomeViewController.swift in Sources */,
				E46BA7CF2BB6AB2400B45053 /* Constant.swift in Sources */,
				E42E63CB2BB19E4F0000FA71 /* HomePresenter.swift in Sources */,
				E4F5D9522B9DB464006C5BF2 /* AppDelegate.swift in Sources */,
				E4F5D9902B9DBEDE006C5BF2 /* LaunchScreenPageViewController.swift in Sources */,
				E43F109E2B9F651800602228 /* CalendarViewController.swift in Sources */,
				E42E63D82BB1A6DE0000FA71 /* CenterService.swift in Sources */,
				E46BA7D12BB6ABCF00B45053 /* CenterAPI.swift in Sources */,
				E4687BCD2B9FD118008E7A18 /* Course.swift in Sources */,
				E4F5D95C2B9DB464006C5BF2 /* SwimmingInstructorLocator.xcdatamodeld in Sources */,
				E43A48992BAEE45200469395 /* CenterCollectionViewCell.swift in Sources */,
				E460377B2BACFE7900F6BE91 /* SideMenuViewController.swift in Sources */,
				E42E63DD2BB1C4420000FA71 /* CenterRepo.swift in Sources */,
				E4F5D9542B9DB464006C5BF2 /* SceneDelegate.swift in Sources */,
			);
			runOnlyForDeploymentPostprocessing = 0;
		};
		E4F5D9632B9DB467006C5BF2 /* Sources */ = {
			isa = PBXSourcesBuildPhase;
			buildActionMask = 2147483647;
			files = (
				E4F5D96C2B9DB467006C5BF2 /* SwimmingInstructorLocatorTests.swift in Sources */,
			);
			runOnlyForDeploymentPostprocessing = 0;
		};
		E4F5D96D2B9DB467006C5BF2 /* Sources */ = {
			isa = PBXSourcesBuildPhase;
			buildActionMask = 2147483647;
			files = (
				E4F5D9762B9DB467006C5BF2 /* SwimmingInstructorLocatorUITests.swift in Sources */,
				E4F5D9782B9DB467006C5BF2 /* SwimmingInstructorLocatorUITestsLaunchTests.swift in Sources */,
			);
			runOnlyForDeploymentPostprocessing = 0;
		};
/* End PBXSourcesBuildPhase section */

/* Begin PBXTargetDependency section */
		E4F5D9692B9DB467006C5BF2 /* PBXTargetDependency */ = {
			isa = PBXTargetDependency;
			target = E4F5D94D2B9DB464006C5BF2 /* SwimmingInstructorLocator */;
			targetProxy = E4F5D9682B9DB467006C5BF2 /* PBXContainerItemProxy */;
		};
		E4F5D9732B9DB467006C5BF2 /* PBXTargetDependency */ = {
			isa = PBXTargetDependency;
			target = E4F5D94D2B9DB464006C5BF2 /* SwimmingInstructorLocator */;
			targetProxy = E4F5D9722B9DB467006C5BF2 /* PBXContainerItemProxy */;
		};
/* End PBXTargetDependency section */

/* Begin PBXVariantGroup section */
		E4F5D9572B9DB464006C5BF2 /* Main.storyboard */ = {
			isa = PBXVariantGroup;
			children = (
				E4F5D9582B9DB464006C5BF2 /* Base */,
				E43A489E2BAF9B9900469395 /* ja */,
			);
			name = Main.storyboard;
			sourceTree = "<group>";
		};
		E4F5D95F2B9DB466006C5BF2 /* LaunchScreen.storyboard */ = {
			isa = PBXVariantGroup;
			children = (
				E4F5D9602B9DB466006C5BF2 /* Base */,
				E43A489F2BAF9B9900469395 /* ja */,
			);
			name = LaunchScreen.storyboard;
			sourceTree = "<group>";
		};
/* End PBXVariantGroup section */

/* Begin XCBuildConfiguration section */
		E4F5D9792B9DB467006C5BF2 /* Debug */ = {
			isa = XCBuildConfiguration;
			buildSettings = {
				ALWAYS_SEARCH_USER_PATHS = NO;
				ASSETCATALOG_COMPILER_GENERATE_SWIFT_ASSET_SYMBOL_EXTENSIONS = YES;
				CLANG_ANALYZER_LOCALIZABILITY_NONLOCALIZED = YES;
				CLANG_ANALYZER_NONNULL = YES;
				CLANG_ANALYZER_NUMBER_OBJECT_CONVERSION = YES_AGGRESSIVE;
				CLANG_CXX_LANGUAGE_STANDARD = "gnu++20";
				CLANG_ENABLE_MODULES = YES;
				CLANG_ENABLE_OBJC_ARC = YES;
				CLANG_ENABLE_OBJC_WEAK = YES;
				CLANG_WARN_BLOCK_CAPTURE_AUTORELEASING = YES;
				CLANG_WARN_BOOL_CONVERSION = YES;
				CLANG_WARN_COMMA = YES;
				CLANG_WARN_CONSTANT_CONVERSION = YES;
				CLANG_WARN_DEPRECATED_OBJC_IMPLEMENTATIONS = YES;
				CLANG_WARN_DIRECT_OBJC_ISA_USAGE = YES_ERROR;
				CLANG_WARN_DOCUMENTATION_COMMENTS = YES;
				CLANG_WARN_EMPTY_BODY = YES;
				CLANG_WARN_ENUM_CONVERSION = YES;
				CLANG_WARN_INFINITE_RECURSION = YES;
				CLANG_WARN_INT_CONVERSION = YES;
				CLANG_WARN_NON_LITERAL_NULL_CONVERSION = YES;
				CLANG_WARN_OBJC_IMPLICIT_RETAIN_SELF = YES;
				CLANG_WARN_OBJC_LITERAL_CONVERSION = YES;
				CLANG_WARN_OBJC_ROOT_CLASS = YES_ERROR;
				CLANG_WARN_QUOTED_INCLUDE_IN_FRAMEWORK_HEADER = YES;
				CLANG_WARN_RANGE_LOOP_ANALYSIS = YES;
				CLANG_WARN_STRICT_PROTOTYPES = YES;
				CLANG_WARN_SUSPICIOUS_MOVE = YES;
				CLANG_WARN_UNGUARDED_AVAILABILITY = YES_AGGRESSIVE;
				CLANG_WARN_UNREACHABLE_CODE = YES;
				CLANG_WARN__DUPLICATE_METHOD_MATCH = YES;
				COPY_PHASE_STRIP = NO;
				DEBUG_INFORMATION_FORMAT = dwarf;
				ENABLE_STRICT_OBJC_MSGSEND = YES;
				ENABLE_TESTABILITY = YES;
				ENABLE_USER_SCRIPT_SANDBOXING = NO;
				GCC_C_LANGUAGE_STANDARD = gnu17;
				GCC_DYNAMIC_NO_PIC = NO;
				GCC_NO_COMMON_BLOCKS = YES;
				GCC_OPTIMIZATION_LEVEL = 0;
				GCC_PREPROCESSOR_DEFINITIONS = (
					"DEBUG=1",
					"$(inherited)",
				);
				GCC_WARN_64_TO_32_BIT_CONVERSION = YES;
				GCC_WARN_ABOUT_RETURN_TYPE = YES_ERROR;
				GCC_WARN_UNDECLARED_SELECTOR = YES;
				GCC_WARN_UNINITIALIZED_AUTOS = YES_AGGRESSIVE;
				GCC_WARN_UNUSED_FUNCTION = YES;
				GCC_WARN_UNUSED_VARIABLE = YES;
				IPHONEOS_DEPLOYMENT_TARGET = 17.0;
				LOCALIZATION_PREFERS_STRING_CATALOGS = YES;
				MTL_ENABLE_DEBUG_INFO = INCLUDE_SOURCE;
				MTL_FAST_MATH = YES;
				ONLY_ACTIVE_ARCH = YES;
				SDKROOT = iphoneos;
				SWIFT_ACTIVE_COMPILATION_CONDITIONS = "DEBUG $(inherited)";
				SWIFT_OPTIMIZATION_LEVEL = "-Onone";
			};
			name = Debug;
		};
		E4F5D97A2B9DB467006C5BF2 /* Release */ = {
			isa = XCBuildConfiguration;
			buildSettings = {
				ALWAYS_SEARCH_USER_PATHS = NO;
				ASSETCATALOG_COMPILER_GENERATE_SWIFT_ASSET_SYMBOL_EXTENSIONS = YES;
				CLANG_ANALYZER_LOCALIZABILITY_NONLOCALIZED = YES;
				CLANG_ANALYZER_NONNULL = YES;
				CLANG_ANALYZER_NUMBER_OBJECT_CONVERSION = YES_AGGRESSIVE;
				CLANG_CXX_LANGUAGE_STANDARD = "gnu++20";
				CLANG_ENABLE_MODULES = YES;
				CLANG_ENABLE_OBJC_ARC = YES;
				CLANG_ENABLE_OBJC_WEAK = YES;
				CLANG_WARN_BLOCK_CAPTURE_AUTORELEASING = YES;
				CLANG_WARN_BOOL_CONVERSION = YES;
				CLANG_WARN_COMMA = YES;
				CLANG_WARN_CONSTANT_CONVERSION = YES;
				CLANG_WARN_DEPRECATED_OBJC_IMPLEMENTATIONS = YES;
				CLANG_WARN_DIRECT_OBJC_ISA_USAGE = YES_ERROR;
				CLANG_WARN_DOCUMENTATION_COMMENTS = YES;
				CLANG_WARN_EMPTY_BODY = YES;
				CLANG_WARN_ENUM_CONVERSION = YES;
				CLANG_WARN_INFINITE_RECURSION = YES;
				CLANG_WARN_INT_CONVERSION = YES;
				CLANG_WARN_NON_LITERAL_NULL_CONVERSION = YES;
				CLANG_WARN_OBJC_IMPLICIT_RETAIN_SELF = YES;
				CLANG_WARN_OBJC_LITERAL_CONVERSION = YES;
				CLANG_WARN_OBJC_ROOT_CLASS = YES_ERROR;
				CLANG_WARN_QUOTED_INCLUDE_IN_FRAMEWORK_HEADER = YES;
				CLANG_WARN_RANGE_LOOP_ANALYSIS = YES;
				CLANG_WARN_STRICT_PROTOTYPES = YES;
				CLANG_WARN_SUSPICIOUS_MOVE = YES;
				CLANG_WARN_UNGUARDED_AVAILABILITY = YES_AGGRESSIVE;
				CLANG_WARN_UNREACHABLE_CODE = YES;
				CLANG_WARN__DUPLICATE_METHOD_MATCH = YES;
				COPY_PHASE_STRIP = NO;
				DEBUG_INFORMATION_FORMAT = "dwarf-with-dsym";
				ENABLE_NS_ASSERTIONS = NO;
				ENABLE_STRICT_OBJC_MSGSEND = YES;
				ENABLE_USER_SCRIPT_SANDBOXING = NO;
				GCC_C_LANGUAGE_STANDARD = gnu17;
				GCC_NO_COMMON_BLOCKS = YES;
				GCC_WARN_64_TO_32_BIT_CONVERSION = YES;
				GCC_WARN_ABOUT_RETURN_TYPE = YES_ERROR;
				GCC_WARN_UNDECLARED_SELECTOR = YES;
				GCC_WARN_UNINITIALIZED_AUTOS = YES_AGGRESSIVE;
				GCC_WARN_UNUSED_FUNCTION = YES;
				GCC_WARN_UNUSED_VARIABLE = YES;
				IPHONEOS_DEPLOYMENT_TARGET = 17.0;
				LOCALIZATION_PREFERS_STRING_CATALOGS = YES;
				MTL_ENABLE_DEBUG_INFO = NO;
				MTL_FAST_MATH = YES;
				SDKROOT = iphoneos;
				SWIFT_COMPILATION_MODE = wholemodule;
				VALIDATE_PRODUCT = YES;
			};
			name = Release;
		};
		E4F5D97C2B9DB467006C5BF2 /* Debug */ = {
			isa = XCBuildConfiguration;
			baseConfigurationReference = 1470653404370BD3C7E890A7 /* Pods-SwimmingInstructorLocator.debug.xcconfig */;
			buildSettings = {
				ASSETCATALOG_COMPILER_APPICON_NAME = AppIcon;
				ASSETCATALOG_COMPILER_GLOBAL_ACCENT_COLOR_NAME = AccentColor;
				CODE_SIGN_STYLE = Automatic;
				CURRENT_PROJECT_VERSION = 1;
				DEVELOPMENT_TEAM = T9K9SVKFJF;
				GENERATE_INFOPLIST_FILE = YES;
				INFOPLIST_FILE = SwimmingInstructorLocator/Info.plist;
				INFOPLIST_KEY_UIApplicationSupportsIndirectInputEvents = YES;
				INFOPLIST_KEY_UILaunchStoryboardName = LaunchScreen;
				INFOPLIST_KEY_UIMainStoryboardFile = Main;
				INFOPLIST_KEY_UISupportedInterfaceOrientations_iPad = "UIInterfaceOrientationPortrait UIInterfaceOrientationPortraitUpsideDown UIInterfaceOrientationLandscapeLeft UIInterfaceOrientationLandscapeRight";
				INFOPLIST_KEY_UISupportedInterfaceOrientations_iPhone = "UIInterfaceOrientationPortrait UIInterfaceOrientationLandscapeLeft UIInterfaceOrientationLandscapeRight";
				IPHONEOS_DEPLOYMENT_TARGET = 16.0;
				LD_RUNPATH_SEARCH_PATHS = (
					"$(inherited)",
					"@executable_path/Frameworks",
				);
				MARKETING_VERSION = 1.0;
				PRODUCT_BUNDLE_IDENTIFIER = com.example.SwimmingInstructorLocator;
				PRODUCT_NAME = "$(TARGET_NAME)";
				SWIFT_EMIT_LOC_STRINGS = YES;
				SWIFT_VERSION = 5.0;
				TARGETED_DEVICE_FAMILY = "1,2";
			};
			name = Debug;
		};
		E4F5D97D2B9DB467006C5BF2 /* Release */ = {
			isa = XCBuildConfiguration;
			baseConfigurationReference = 60AC22DFC3612F2E115DCB25 /* Pods-SwimmingInstructorLocator.release.xcconfig */;
			buildSettings = {
				ASSETCATALOG_COMPILER_APPICON_NAME = AppIcon;
				ASSETCATALOG_COMPILER_GLOBAL_ACCENT_COLOR_NAME = AccentColor;
				CODE_SIGN_STYLE = Automatic;
				CURRENT_PROJECT_VERSION = 1;
				DEVELOPMENT_TEAM = T9K9SVKFJF;
				GENERATE_INFOPLIST_FILE = YES;
				INFOPLIST_FILE = SwimmingInstructorLocator/Info.plist;
				INFOPLIST_KEY_UIApplicationSupportsIndirectInputEvents = YES;
				INFOPLIST_KEY_UILaunchStoryboardName = LaunchScreen;
				INFOPLIST_KEY_UIMainStoryboardFile = Main;
				INFOPLIST_KEY_UISupportedInterfaceOrientations_iPad = "UIInterfaceOrientationPortrait UIInterfaceOrientationPortraitUpsideDown UIInterfaceOrientationLandscapeLeft UIInterfaceOrientationLandscapeRight";
				INFOPLIST_KEY_UISupportedInterfaceOrientations_iPhone = "UIInterfaceOrientationPortrait UIInterfaceOrientationLandscapeLeft UIInterfaceOrientationLandscapeRight";
				IPHONEOS_DEPLOYMENT_TARGET = 16.0;
				LD_RUNPATH_SEARCH_PATHS = (
					"$(inherited)",
					"@executable_path/Frameworks",
				);
				MARKETING_VERSION = 1.0;
				PRODUCT_BUNDLE_IDENTIFIER = com.example.SwimmingInstructorLocator;
				PRODUCT_NAME = "$(TARGET_NAME)";
				SWIFT_EMIT_LOC_STRINGS = YES;
				SWIFT_VERSION = 5.0;
				TARGETED_DEVICE_FAMILY = "1,2";
			};
			name = Release;
		};
		E4F5D97F2B9DB467006C5BF2 /* Debug */ = {
			isa = XCBuildConfiguration;
			baseConfigurationReference = 7256F1AF2F86600E61E153E0 /* Pods-SwimmingInstructorLocatorTests.debug.xcconfig */;
			buildSettings = {
				ALWAYS_EMBED_SWIFT_STANDARD_LIBRARIES = YES;
				BUNDLE_LOADER = "$(TEST_HOST)";
				CODE_SIGN_STYLE = Automatic;
				CURRENT_PROJECT_VERSION = 1;
				DEVELOPMENT_TEAM = T9K9SVKFJF;
				GENERATE_INFOPLIST_FILE = YES;
				IPHONEOS_DEPLOYMENT_TARGET = 17.0;
				MARKETING_VERSION = 1.0;
				PRODUCT_BUNDLE_IDENTIFIER = com.example.SwimmingInstructorLocatorTests;
				PRODUCT_NAME = "$(TARGET_NAME)";
				SWIFT_EMIT_LOC_STRINGS = NO;
				SWIFT_VERSION = 5.0;
				TARGETED_DEVICE_FAMILY = "1,2";
				TEST_HOST = "$(BUILT_PRODUCTS_DIR)/SwimmingInstructorLocator.app/$(BUNDLE_EXECUTABLE_FOLDER_PATH)/SwimmingInstructorLocator";
			};
			name = Debug;
		};
		E4F5D9802B9DB467006C5BF2 /* Release */ = {
			isa = XCBuildConfiguration;
			baseConfigurationReference = 50089E938E1C635E540A9108 /* Pods-SwimmingInstructorLocatorTests.release.xcconfig */;
			buildSettings = {
				ALWAYS_EMBED_SWIFT_STANDARD_LIBRARIES = YES;
				BUNDLE_LOADER = "$(TEST_HOST)";
				CODE_SIGN_STYLE = Automatic;
				CURRENT_PROJECT_VERSION = 1;
				DEVELOPMENT_TEAM = T9K9SVKFJF;
				GENERATE_INFOPLIST_FILE = YES;
				IPHONEOS_DEPLOYMENT_TARGET = 17.0;
				MARKETING_VERSION = 1.0;
				PRODUCT_BUNDLE_IDENTIFIER = com.example.SwimmingInstructorLocatorTests;
				PRODUCT_NAME = "$(TARGET_NAME)";
				SWIFT_EMIT_LOC_STRINGS = NO;
				SWIFT_VERSION = 5.0;
				TARGETED_DEVICE_FAMILY = "1,2";
				TEST_HOST = "$(BUILT_PRODUCTS_DIR)/SwimmingInstructorLocator.app/$(BUNDLE_EXECUTABLE_FOLDER_PATH)/SwimmingInstructorLocator";
			};
			name = Release;
		};
		E4F5D9822B9DB467006C5BF2 /* Debug */ = {
			isa = XCBuildConfiguration;
			baseConfigurationReference = F0259EB9540C7E8FFF08C746 /* Pods-SwimmingInstructorLocator-SwimmingInstructorLocatorUITests.debug.xcconfig */;
			buildSettings = {
				ALWAYS_EMBED_SWIFT_STANDARD_LIBRARIES = YES;
				CODE_SIGN_STYLE = Automatic;
				CURRENT_PROJECT_VERSION = 1;
				DEVELOPMENT_TEAM = T9K9SVKFJF;
				GENERATE_INFOPLIST_FILE = YES;
				MARKETING_VERSION = 1.0;
				PRODUCT_BUNDLE_IDENTIFIER = com.example.SwimmingInstructorLocatorUITests;
				PRODUCT_NAME = "$(TARGET_NAME)";
				SWIFT_EMIT_LOC_STRINGS = NO;
				SWIFT_VERSION = 5.0;
				TARGETED_DEVICE_FAMILY = "1,2";
				TEST_TARGET_NAME = SwimmingInstructorLocator;
			};
			name = Debug;
		};
		E4F5D9832B9DB467006C5BF2 /* Release */ = {
			isa = XCBuildConfiguration;
			baseConfigurationReference = 3E15D51B483511D821C588C5 /* Pods-SwimmingInstructorLocator-SwimmingInstructorLocatorUITests.release.xcconfig */;
			buildSettings = {
				ALWAYS_EMBED_SWIFT_STANDARD_LIBRARIES = YES;
				CODE_SIGN_STYLE = Automatic;
				CURRENT_PROJECT_VERSION = 1;
				DEVELOPMENT_TEAM = T9K9SVKFJF;
				GENERATE_INFOPLIST_FILE = YES;
				MARKETING_VERSION = 1.0;
				PRODUCT_BUNDLE_IDENTIFIER = com.example.SwimmingInstructorLocatorUITests;
				PRODUCT_NAME = "$(TARGET_NAME)";
				SWIFT_EMIT_LOC_STRINGS = NO;
				SWIFT_VERSION = 5.0;
				TARGETED_DEVICE_FAMILY = "1,2";
				TEST_TARGET_NAME = SwimmingInstructorLocator;
			};
			name = Release;
		};
/* End XCBuildConfiguration section */

/* Begin XCConfigurationList section */
		E4F5D9492B9DB464006C5BF2 /* Build configuration list for PBXProject "SwimmingInstructorLocator" */ = {
			isa = XCConfigurationList;
			buildConfigurations = (
				E4F5D9792B9DB467006C5BF2 /* Debug */,
				E4F5D97A2B9DB467006C5BF2 /* Release */,
			);
			defaultConfigurationIsVisible = 0;
			defaultConfigurationName = Release;
		};
		E4F5D97B2B9DB467006C5BF2 /* Build configuration list for PBXNativeTarget "SwimmingInstructorLocator" */ = {
			isa = XCConfigurationList;
			buildConfigurations = (
				E4F5D97C2B9DB467006C5BF2 /* Debug */,
				E4F5D97D2B9DB467006C5BF2 /* Release */,
			);
			defaultConfigurationIsVisible = 0;
			defaultConfigurationName = Release;
		};
		E4F5D97E2B9DB467006C5BF2 /* Build configuration list for PBXNativeTarget "SwimmingInstructorLocatorTests" */ = {
			isa = XCConfigurationList;
			buildConfigurations = (
				E4F5D97F2B9DB467006C5BF2 /* Debug */,
				E4F5D9802B9DB467006C5BF2 /* Release */,
			);
			defaultConfigurationIsVisible = 0;
			defaultConfigurationName = Release;
		};
		E4F5D9812B9DB467006C5BF2 /* Build configuration list for PBXNativeTarget "SwimmingInstructorLocatorUITests" */ = {
			isa = XCConfigurationList;
			buildConfigurations = (
				E4F5D9822B9DB467006C5BF2 /* Debug */,
				E4F5D9832B9DB467006C5BF2 /* Release */,
			);
			defaultConfigurationIsVisible = 0;
			defaultConfigurationName = Release;
		};
/* End XCConfigurationList section */

/* Begin XCVersionGroup section */
		E4F5D95A2B9DB464006C5BF2 /* SwimmingInstructorLocator.xcdatamodeld */ = {
			isa = XCVersionGroup;
			children = (
				E4F5D95B2B9DB464006C5BF2 /* SwimmingInstructorLocator.xcdatamodel */,
			);
			currentVersion = E4F5D95B2B9DB464006C5BF2 /* SwimmingInstructorLocator.xcdatamodel */;
			path = SwimmingInstructorLocator.xcdatamodeld;
			sourceTree = "<group>";
			versionGroupType = wrapper.xcdatamodel;
		};
/* End XCVersionGroup section */
	};
	rootObject = E4F5D9462B9DB464006C5BF2 /* Project object */;
}
