// !$*UTF8*$!
{
	archiveVersion = 1;
	classes = {
	};
	objectVersion = 56;
	objects = {

/* Begin PBXBuildFile section */
		E43F10142B9E4CE000602228 /* OnBoardingContentViewController.swift in Sources */ = {isa = PBXBuildFile; fileRef = E43F10132B9E4CE000602228 /* OnBoardingContentViewController.swift */; };
		E43F10162B9EE5A700602228 /* NotificationExt.swift in Sources */ = {isa = PBXBuildFile; fileRef = E43F10152B9EE5A700602228 /* NotificationExt.swift */; };
		E43F109C2B9F650900602228 /* HomeViewController.swift in Sources */ = {isa = PBXBuildFile; fileRef = E43F109B2B9F650900602228 /* HomeViewController.swift */; };
		E43F109E2B9F651800602228 /* CalendarViewController.swift in Sources */ = {isa = PBXBuildFile; fileRef = E43F109D2B9F651800602228 /* CalendarViewController.swift */; };
		E43F10A02B9F652100602228 /* NotificationViewController.swift in Sources */ = {isa = PBXBuildFile; fileRef = E43F109F2B9F652100602228 /* NotificationViewController.swift */; };
		E4F5D9522B9DB464006C5BF2 /* AppDelegate.swift in Sources */ = {isa = PBXBuildFile; fileRef = E4F5D9512B9DB464006C5BF2 /* AppDelegate.swift */; };
		E4F5D9542B9DB464006C5BF2 /* SceneDelegate.swift in Sources */ = {isa = PBXBuildFile; fileRef = E4F5D9532B9DB464006C5BF2 /* SceneDelegate.swift */; };
		E4F5D9562B9DB464006C5BF2 /* ViewController.swift in Sources */ = {isa = PBXBuildFile; fileRef = E4F5D9552B9DB464006C5BF2 /* ViewController.swift */; };
		E4F5D9592B9DB464006C5BF2 /* Main.storyboard in Resources */ = {isa = PBXBuildFile; fileRef = E4F5D9572B9DB464006C5BF2 /* Main.storyboard */; };
		E4F5D95C2B9DB464006C5BF2 /* SwimmingInstructorLocator.xcdatamodeld in Sources */ = {isa = PBXBuildFile; fileRef = E4F5D95A2B9DB464006C5BF2 /* SwimmingInstructorLocator.xcdatamodeld */; };
		E4F5D95E2B9DB466006C5BF2 /* Assets.xcassets in Resources */ = {isa = PBXBuildFile; fileRef = E4F5D95D2B9DB466006C5BF2 /* Assets.xcassets */; };
		E4F5D9612B9DB466006C5BF2 /* LaunchScreen.storyboard in Resources */ = {isa = PBXBuildFile; fileRef = E4F5D95F2B9DB466006C5BF2 /* LaunchScreen.storyboard */; };
		E4F5D96C2B9DB467006C5BF2 /* SwimmingInstructorLocatorTests.swift in Sources */ = {isa = PBXBuildFile; fileRef = E4F5D96B2B9DB467006C5BF2 /* SwimmingInstructorLocatorTests.swift */; };
		E4F5D9762B9DB467006C5BF2 /* SwimmingInstructorLocatorUITests.swift in Sources */ = {isa = PBXBuildFile; fileRef = E4F5D9752B9DB467006C5BF2 /* SwimmingInstructorLocatorUITests.swift */; };
		E4F5D9782B9DB467006C5BF2 /* SwimmingInstructorLocatorUITestsLaunchTests.swift in Sources */ = {isa = PBXBuildFile; fileRef = E4F5D9772B9DB467006C5BF2 /* SwimmingInstructorLocatorUITestsLaunchTests.swift */; };
		E4F5D9902B9DBEDE006C5BF2 /* OnBoardingPageViewController.swift in Sources */ = {isa = PBXBuildFile; fileRef = E4F5D98E2B9DBEDE006C5BF2 /* OnBoardingPageViewController.swift */; };
/* End PBXBuildFile section */

/* Begin PBXContainerItemProxy section */
		E4F5D9682B9DB467006C5BF2 /* PBXContainerItemProxy */ = {
			isa = PBXContainerItemProxy;
			containerPortal = E4F5D9462B9DB464006C5BF2 /* Project object */;
			proxyType = 1;
			remoteGlobalIDString = E4F5D94D2B9DB464006C5BF2;
			remoteInfo = SwimmingInstructorLocator;
		};
		E4F5D9722B9DB467006C5BF2 /* PBXContainerItemProxy */ = {
			isa = PBXContainerItemProxy;
			containerPortal = E4F5D9462B9DB464006C5BF2 /* Project object */;
			proxyType = 1;
			remoteGlobalIDString = E4F5D94D2B9DB464006C5BF2;
			remoteInfo = SwimmingInstructorLocator;
		};
/* End PBXContainerItemProxy section */

/* Begin PBXFileReference section */
		E43F10132B9E4CE000602228 /* OnBoardingContentViewController.swift */ = {isa = PBXFileReference; lastKnownFileType = sourcecode.swift; path = OnBoardingContentViewController.swift; sourceTree = "<group>"; };
		E43F10152B9EE5A700602228 /* NotificationExt.swift */ = {isa = PBXFileReference; lastKnownFileType = sourcecode.swift; path = NotificationExt.swift; sourceTree = "<group>"; };
		E43F109B2B9F650900602228 /* HomeViewController.swift */ = {isa = PBXFileReference; lastKnownFileType = sourcecode.swift; path = HomeViewController.swift; sourceTree = "<group>"; };
		E43F109D2B9F651800602228 /* CalendarViewController.swift */ = {isa = PBXFileReference; lastKnownFileType = sourcecode.swift; path = CalendarViewController.swift; sourceTree = "<group>"; };
		E43F109F2B9F652100602228 /* NotificationViewController.swift */ = {isa = PBXFileReference; lastKnownFileType = sourcecode.swift; path = NotificationViewController.swift; sourceTree = "<group>"; };
		E4F5D94E2B9DB464006C5BF2 /* SwimmingInstructorLocator.app */ = {isa = PBXFileReference; explicitFileType = wrapper.application; includeInIndex = 0; path = SwimmingInstructorLocator.app; sourceTree = BUILT_PRODUCTS_DIR; };
		E4F5D9512B9DB464006C5BF2 /* AppDelegate.swift */ = {isa = PBXFileReference; lastKnownFileType = sourcecode.swift; path = AppDelegate.swift; sourceTree = "<group>"; };
		E4F5D9532B9DB464006C5BF2 /* SceneDelegate.swift */ = {isa = PBXFileReference; lastKnownFileType = sourcecode.swift; path = SceneDelegate.swift; sourceTree = "<group>"; };
		E4F5D9552B9DB464006C5BF2 /* ViewController.swift */ = {isa = PBXFileReference; lastKnownFileType = sourcecode.swift; path = ViewController.swift; sourceTree = "<group>"; };
		E4F5D9582B9DB464006C5BF2 /* Base */ = {isa = PBXFileReference; lastKnownFileType = file.storyboard; name = Base; path = Base.lproj/Main.storyboard; sourceTree = "<group>"; };
		E4F5D95B2B9DB464006C5BF2 /* SwimmingInstructorLocator.xcdatamodel */ = {isa = PBXFileReference; lastKnownFileType = wrapper.xcdatamodel; path = SwimmingInstructorLocator.xcdatamodel; sourceTree = "<group>"; };
		E4F5D95D2B9DB466006C5BF2 /* Assets.xcassets */ = {isa = PBXFileReference; lastKnownFileType = folder.assetcatalog; path = Assets.xcassets; sourceTree = "<group>"; };
		E4F5D9602B9DB466006C5BF2 /* Base */ = {isa = PBXFileReference; lastKnownFileType = file.storyboard; name = Base; path = Base.lproj/LaunchScreen.storyboard; sourceTree = "<group>"; };
		E4F5D9622B9DB466006C5BF2 /* Info.plist */ = {isa = PBXFileReference; lastKnownFileType = text.plist.xml; path = Info.plist; sourceTree = "<group>"; };
		E4F5D9672B9DB467006C5BF2 /* SwimmingInstructorLocatorTests.xctest */ = {isa = PBXFileReference; explicitFileType = wrapper.cfbundle; includeInIndex = 0; path = SwimmingInstructorLocatorTests.xctest; sourceTree = BUILT_PRODUCTS_DIR; };
		E4F5D96B2B9DB467006C5BF2 /* SwimmingInstructorLocatorTests.swift */ = {isa = PBXFileReference; lastKnownFileType = sourcecode.swift; path = SwimmingInstructorLocatorTests.swift; sourceTree = "<group>"; };
		E4F5D9712B9DB467006C5BF2 /* SwimmingInstructorLocatorUITests.xctest */ = {isa = PBXFileReference; explicitFileType = wrapper.cfbundle; includeInIndex = 0; path = SwimmingInstructorLocatorUITests.xctest; sourceTree = BUILT_PRODUCTS_DIR; };
		E4F5D9752B9DB467006C5BF2 /* SwimmingInstructorLocatorUITests.swift */ = {isa = PBXFileReference; lastKnownFileType = sourcecode.swift; path = SwimmingInstructorLocatorUITests.swift; sourceTree = "<group>"; };
		E4F5D9772B9DB467006C5BF2 /* SwimmingInstructorLocatorUITestsLaunchTests.swift */ = {isa = PBXFileReference; lastKnownFileType = sourcecode.swift; path = SwimmingInstructorLocatorUITestsLaunchTests.swift; sourceTree = "<group>"; };
		E4F5D98E2B9DBEDE006C5BF2 /* OnBoardingPageViewController.swift */ = {isa = PBXFileReference; lastKnownFileType = sourcecode.swift; path = OnBoardingPageViewController.swift; sourceTree = "<group>"; };
/* End PBXFileReference section */

/* Begin PBXFrameworksBuildPhase section */
		E4F5D94B2B9DB464006C5BF2 /* Frameworks */ = {
			isa = PBXFrameworksBuildPhase;
			buildActionMask = 2147483647;
			files = (
			);
			runOnlyForDeploymentPostprocessing = 0;
		};
		E4F5D9642B9DB467006C5BF2 /* Frameworks */ = {
			isa = PBXFrameworksBuildPhase;
			buildActionMask = 2147483647;
			files = (
			);
			runOnlyForDeploymentPostprocessing = 0;
		};
		E4F5D96E2B9DB467006C5BF2 /* Frameworks */ = {
			isa = PBXFrameworksBuildPhase;
			buildActionMask = 2147483647;
			files = (
			);
			runOnlyForDeploymentPostprocessing = 0;
		};
/* End PBXFrameworksBuildPhase section */

/* Begin PBXGroup section */
		E4687BC22B9F6B1D008E7A18 /* OnBoarding */ = {
			isa = PBXGroup;
			children = (
				E4F5D98E2B9DBEDE006C5BF2 /* OnBoardingPageViewController.swift */,
				E43F10132B9E4CE000602228 /* OnBoardingContentViewController.swift */,
			);
			path = OnBoarding;
			sourceTree = "<group>";
		};
		E4F5D9452B9DB464006C5BF2 = {
			isa = PBXGroup;
			children = (
				E4F5D9502B9DB464006C5BF2 /* SwimmingInstructorLocator */,
				E4F5D96A2B9DB467006C5BF2 /* SwimmingInstructorLocatorTests */,
				E4F5D9742B9DB467006C5BF2 /* SwimmingInstructorLocatorUITests */,
				E4F5D94F2B9DB464006C5BF2 /* Products */,
			);
			sourceTree = "<group>";
		};
		E4F5D94F2B9DB464006C5BF2 /* Products */ = {
			isa = PBXGroup;
			children = (
				E4F5D94E2B9DB464006C5BF2 /* SwimmingInstructorLocator.app */,
				E4F5D9672B9DB467006C5BF2 /* SwimmingInstructorLocatorTests.xctest */,
				E4F5D9712B9DB467006C5BF2 /* SwimmingInstructorLocatorUITests.xctest */,
			);
			name = Products;
			sourceTree = "<group>";
		};
		E4F5D9502B9DB464006C5BF2 /* SwimmingInstructorLocator */ = {
			isa = PBXGroup;
			children = (
				E4F5D98D2B9DB561006C5BF2 /* Model */,
				E4F5D98A2B9DB54D006C5BF2 /* View */,
				E4F5D9892B9DB54A006C5BF2 /* Controller */,
				E4F5D9882B9DB53D006C5BF2 /* Constants */,
				E4F5D9872B9DB531006C5BF2 /* Util */,
				E4F5D9862B9DB52B006C5BF2 /* Secrets */,
				E4F5D9842B9DB471006C5BF2 /* Extensions */,
				E4F5D9512B9DB464006C5BF2 /* AppDelegate.swift */,
				E4F5D9532B9DB464006C5BF2 /* SceneDelegate.swift */,
				E4F5D9552B9DB464006C5BF2 /* ViewController.swift */,
				E4F5D95D2B9DB466006C5BF2 /* Assets.xcassets */,
				E4F5D9622B9DB466006C5BF2 /* Info.plist */,
				E4F5D95A2B9DB464006C5BF2 /* SwimmingInstructorLocator.xcdatamodeld */,
			);
			path = SwimmingInstructorLocator;
			sourceTree = "<group>";
		};
		E4F5D96A2B9DB467006C5BF2 /* SwimmingInstructorLocatorTests */ = {
			isa = PBXGroup;
			children = (
				E4F5D96B2B9DB467006C5BF2 /* SwimmingInstructorLocatorTests.swift */,
			);
			path = SwimmingInstructorLocatorTests;
			sourceTree = "<group>";
		};
		E4F5D9742B9DB467006C5BF2 /* SwimmingInstructorLocatorUITests */ = {
			isa = PBXGroup;
			children = (
				E4F5D9752B9DB467006C5BF2 /* SwimmingInstructorLocatorUITests.swift */,
				E4F5D9772B9DB467006C5BF2 /* SwimmingInstructorLocatorUITestsLaunchTests.swift */,
			);
			path = SwimmingInstructorLocatorUITests;
			sourceTree = "<group>";
		};
		E4F5D9842B9DB471006C5BF2 /* Extensions */ = {
			isa = PBXGroup;
			children = (
				E43F10152B9EE5A700602228 /* NotificationExt.swift */,
			);
			path = Extensions;
			sourceTree = "<group>";
		};
		E4F5D9862B9DB52B006C5BF2 /* Secrets */ = {
			isa = PBXGroup;
			children = (
			);
			path = Secrets;
			sourceTree = "<group>";
		};
		E4F5D9872B9DB531006C5BF2 /* Util */ = {
			isa = PBXGroup;
			children = (
			);
			path = Util;
			sourceTree = "<group>";
		};
		E4F5D9882B9DB53D006C5BF2 /* Constants */ = {
			isa = PBXGroup;
			children = (
			);
			path = Constants;
			sourceTree = "<group>";
		};
		E4F5D9892B9DB54A006C5BF2 /* Controller */ = {
			isa = PBXGroup;
			children = (
				E4687BC22B9F6B1D008E7A18 /* OnBoarding */,
				E43F109B2B9F650900602228 /* HomeViewController.swift */,
				E43F109D2B9F651800602228 /* CalendarViewController.swift */,
				E43F109F2B9F652100602228 /* NotificationViewController.swift */,
			);
			path = Controller;
			sourceTree = "<group>";
		};
		E4F5D98A2B9DB54D006C5BF2 /* View */ = {
			isa = PBXGroup;
			children = (
				E4F5D98C2B9DB558006C5BF2 /* Storyboard */,
				E4F5D98B2B9DB555006C5BF2 /* Xib */,
			);
			path = View;
			sourceTree = "<group>";
		};
		E4F5D98B2B9DB555006C5BF2 /* Xib */ = {
			isa = PBXGroup;
			children = (
			);
			path = Xib;
			sourceTree = "<group>";
		};
		E4F5D98C2B9DB558006C5BF2 /* Storyboard */ = {
			isa = PBXGroup;
			children = (
				E4F5D9572B9DB464006C5BF2 /* Main.storyboard */,
				E4F5D95F2B9DB466006C5BF2 /* LaunchScreen.storyboard */,
			);
			path = Storyboard;
			sourceTree = "<group>";
		};
		E4F5D98D2B9DB561006C5BF2 /* Model */ = {
			isa = PBXGroup;
			children = (
			);
			path = Model;
			sourceTree = "<group>";
		};
/* End PBXGroup section */

/* Begin PBXNativeTarget section */
		E4F5D94D2B9DB464006C5BF2 /* SwimmingInstructorLocator */ = {
			isa = PBXNativeTarget;
			buildConfigurationList = E4F5D97B2B9DB467006C5BF2 /* Build configuration list for PBXNativeTarget "SwimmingInstructorLocator" */;
			buildPhases = (
				E4F5D94A2B9DB464006C5BF2 /* Sources */,
				E4F5D94B2B9DB464006C5BF2 /* Frameworks */,
				E4F5D94C2B9DB464006C5BF2 /* Resources */,
			);
			buildRules = (
			);
			dependencies = (
			);
			name = SwimmingInstructorLocator;
			productName = SwimmingInstructorLocator;
			productReference = E4F5D94E2B9DB464006C5BF2 /* SwimmingInstructorLocator.app */;
			productType = "com.apple.product-type.application";
		};
		E4F5D9662B9DB467006C5BF2 /* SwimmingInstructorLocatorTests */ = {
			isa = PBXNativeTarget;
			buildConfigurationList = E4F5D97E2B9DB467006C5BF2 /* Build configuration list for PBXNativeTarget "SwimmingInstructorLocatorTests" */;
			buildPhases = (
				E4F5D9632B9DB467006C5BF2 /* Sources */,
				E4F5D9642B9DB467006C5BF2 /* Frameworks */,
				E4F5D9652B9DB467006C5BF2 /* Resources */,
			);
			buildRules = (
			);
			dependencies = (
				E4F5D9692B9DB467006C5BF2 /* PBXTargetDependency */,
			);
			name = SwimmingInstructorLocatorTests;
			productName = SwimmingInstructorLocatorTests;
			productReference = E4F5D9672B9DB467006C5BF2 /* SwimmingInstructorLocatorTests.xctest */;
			productType = "com.apple.product-type.bundle.unit-test";
		};
		E4F5D9702B9DB467006C5BF2 /* SwimmingInstructorLocatorUITests */ = {
			isa = PBXNativeTarget;
			buildConfigurationList = E4F5D9812B9DB467006C5BF2 /* Build configuration list for PBXNativeTarget "SwimmingInstructorLocatorUITests" */;
			buildPhases = (
				E4F5D96D2B9DB467006C5BF2 /* Sources */,
				E4F5D96E2B9DB467006C5BF2 /* Frameworks */,
				E4F5D96F2B9DB467006C5BF2 /* Resources */,
			);
			buildRules = (
			);
			dependencies = (
				E4F5D9732B9DB467006C5BF2 /* PBXTargetDependency */,
			);
			name = SwimmingInstructorLocatorUITests;
			productName = SwimmingInstructorLocatorUITests;
			productReference = E4F5D9712B9DB467006C5BF2 /* SwimmingInstructorLocatorUITests.xctest */;
			productType = "com.apple.product-type.bundle.ui-testing";
		};
/* End PBXNativeTarget section */

/* Begin PBXProject section */
		E4F5D9462B9DB464006C5BF2 /* Project object */ = {
			isa = PBXProject;
			attributes = {
				BuildIndependentTargetsInParallel = 1;
				LastSwiftUpdateCheck = 1500;
				LastUpgradeCheck = 1500;
				TargetAttributes = {
					E4F5D94D2B9DB464006C5BF2 = {
						CreatedOnToolsVersion = 15.0;
					};
					E4F5D9662B9DB467006C5BF2 = {
						CreatedOnToolsVersion = 15.0;
						TestTargetID = E4F5D94D2B9DB464006C5BF2;
					};
					E4F5D9702B9DB467006C5BF2 = {
						CreatedOnToolsVersion = 15.0;
						TestTargetID = E4F5D94D2B9DB464006C5BF2;
					};
				};
			};
			buildConfigurationList = E4F5D9492B9DB464006C5BF2 /* Build configuration list for PBXProject "SwimmingInstructorLocator" */;
			compatibilityVersion = "Xcode 14.0";
			developmentRegion = en;
			hasScannedForEncodings = 0;
			knownRegions = (
				en,
				Base,
			);
			mainGroup = E4F5D9452B9DB464006C5BF2;
			productRefGroup = E4F5D94F2B9DB464006C5BF2 /* Products */;
			projectDirPath = "";
			projectRoot = "";
			targets = (
				E4F5D94D2B9DB464006C5BF2 /* SwimmingInstructorLocator */,
				E4F5D9662B9DB467006C5BF2 /* SwimmingInstructorLocatorTests */,
				E4F5D9702B9DB467006C5BF2 /* SwimmingInstructorLocatorUITests */,
			);
		};
/* End PBXProject section */

/* Begin PBXResourcesBuildPhase section */
		E4F5D94C2B9DB464006C5BF2 /* Resources */ = {
			isa = PBXResourcesBuildPhase;
			buildActionMask = 2147483647;
			files = (
				E4F5D9612B9DB466006C5BF2 /* LaunchScreen.storyboard in Resources */,
				E4F5D95E2B9DB466006C5BF2 /* Assets.xcassets in Resources */,
				E4F5D9592B9DB464006C5BF2 /* Main.storyboard in Resources */,
			);
			runOnlyForDeploymentPostprocessing = 0;
		};
		E4F5D9652B9DB467006C5BF2 /* Resources */ = {
			isa = PBXResourcesBuildPhase;
			buildActionMask = 2147483647;
			files = (
			);
			runOnlyForDeploymentPostprocessing = 0;
		};
		E4F5D96F2B9DB467006C5BF2 /* Resources */ = {
			isa = PBXResourcesBuildPhase;
			buildActionMask = 2147483647;
			files = (
			);
			runOnlyForDeploymentPostprocessing = 0;
		};
/* End PBXResourcesBuildPhase section */

/* Begin PBXSourcesBuildPhase section */
		E4F5D94A2B9DB464006C5BF2 /* Sources */ = {
			isa = PBXSourcesBuildPhase;
			buildActionMask = 2147483647;
			files = (
				E43F10A02B9F652100602228 /* NotificationViewController.swift in Sources */,
				E4F5D9562B9DB464006C5BF2 /* ViewController.swift in Sources */,
				E43F10162B9EE5A700602228 /* NotificationExt.swift in Sources */,
				E43F10142B9E4CE000602228 /* OnBoardingContentViewController.swift in Sources */,
				E43F109C2B9F650900602228 /* HomeViewController.swift in Sources */,
				E4F5D9522B9DB464006C5BF2 /* AppDelegate.swift in Sources */,
				E4F5D9902B9DBEDE006C5BF2 /* OnBoardingPageViewController.swift in Sources */,
				E43F109E2B9F651800602228 /* CalendarViewController.swift in Sources */,
				E4F5D95C2B9DB464006C5BF2 /* SwimmingInstructorLocator.xcdatamodeld in Sources */,
				E4F5D9542B9DB464006C5BF2 /* SceneDelegate.swift in Sources */,
			);
			runOnlyForDeploymentPostprocessing = 0;
		};
		E4F5D9632B9DB467006C5BF2 /* Sources */ = {
			isa = PBXSourcesBuildPhase;
			buildActionMask = 2147483647;
			files = (
				E4F5D96C2B9DB467006C5BF2 /* SwimmingInstructorLocatorTests.swift in Sources */,
			);
			runOnlyForDeploymentPostprocessing = 0;
		};
		E4F5D96D2B9DB467006C5BF2 /* Sources */ = {
			isa = PBXSourcesBuildPhase;
			buildActionMask = 2147483647;
			files = (
				E4F5D9762B9DB467006C5BF2 /* SwimmingInstructorLocatorUITests.swift in Sources */,
				E4F5D9782B9DB467006C5BF2 /* SwimmingInstructorLocatorUITestsLaunchTests.swift in Sources */,
			);
			runOnlyForDeploymentPostprocessing = 0;
		};
/* End PBXSourcesBuildPhase section */

/* Begin PBXTargetDependency section */
		E4F5D9692B9DB467006C5BF2 /* PBXTargetDependency */ = {
			isa = PBXTargetDependency;
			target = E4F5D94D2B9DB464006C5BF2 /* SwimmingInstructorLocator */;
			targetProxy = E4F5D9682B9DB467006C5BF2 /* PBXContainerItemProxy */;
		};
		E4F5D9732B9DB467006C5BF2 /* PBXTargetDependency */ = {
			isa = PBXTargetDependency;
			target = E4F5D94D2B9DB464006C5BF2 /* SwimmingInstructorLocator */;
			targetProxy = E4F5D9722B9DB467006C5BF2 /* PBXContainerItemProxy */;
		};
/* End PBXTargetDependency section */

/* Begin PBXVariantGroup section */
		E4F5D9572B9DB464006C5BF2 /* Main.storyboard */ = {
			isa = PBXVariantGroup;
			children = (
				E4F5D9582B9DB464006C5BF2 /* Base */,
			);
			name = Main.storyboard;
			sourceTree = "<group>";
		};
		E4F5D95F2B9DB466006C5BF2 /* LaunchScreen.storyboard */ = {
			isa = PBXVariantGroup;
			children = (
				E4F5D9602B9DB466006C5BF2 /* Base */,
			);
			name = LaunchScreen.storyboard;
			sourceTree = "<group>";
		};
/* End PBXVariantGroup section */

/* Begin XCBuildConfiguration section */
		E4F5D9792B9DB467006C5BF2 /* Debug */ = {
			isa = XCBuildConfiguration;
			buildSettings = {
				ALWAYS_SEARCH_USER_PATHS = NO;
				ASSETCATALOG_COMPILER_GENERATE_SWIFT_ASSET_SYMBOL_EXTENSIONS = YES;
				CLANG_ANALYZER_NONNULL = YES;
				CLANG_ANALYZER_NUMBER_OBJECT_CONVERSION = YES_AGGRESSIVE;
				CLANG_CXX_LANGUAGE_STANDARD = "gnu++20";
				CLANG_ENABLE_MODULES = YES;
				CLANG_ENABLE_OBJC_ARC = YES;
				CLANG_ENABLE_OBJC_WEAK = YES;
				CLANG_WARN_BLOCK_CAPTURE_AUTORELEASING = YES;
				CLANG_WARN_BOOL_CONVERSION = YES;
				CLANG_WARN_COMMA = YES;
				CLANG_WARN_CONSTANT_CONVERSION = YES;
				CLANG_WARN_DEPRECATED_OBJC_IMPLEMENTATIONS = YES;
				CLANG_WARN_DIRECT_OBJC_ISA_USAGE = YES_ERROR;
				CLANG_WARN_DOCUMENTATION_COMMENTS = YES;
				CLANG_WARN_EMPTY_BODY = YES;
				CLANG_WARN_ENUM_CONVERSION = YES;
				CLANG_WARN_INFINITE_RECURSION = YES;
				CLANG_WARN_INT_CONVERSION = YES;
				CLANG_WARN_NON_LITERAL_NULL_CONVERSION = YES;
				CLANG_WARN_OBJC_IMPLICIT_RETAIN_SELF = YES;
				CLANG_WARN_OBJC_LITERAL_CONVERSION = YES;
				CLANG_WARN_OBJC_ROOT_CLASS = YES_ERROR;
				CLANG_WARN_QUOTED_INCLUDE_IN_FRAMEWORK_HEADER = YES;
				CLANG_WARN_RANGE_LOOP_ANALYSIS = YES;
				CLANG_WARN_STRICT_PROTOTYPES = YES;
				CLANG_WARN_SUSPICIOUS_MOVE = YES;
				CLANG_WARN_UNGUARDED_AVAILABILITY = YES_AGGRESSIVE;
				CLANG_WARN_UNREACHABLE_CODE = YES;
				CLANG_WARN__DUPLICATE_METHOD_MATCH = YES;
				COPY_PHASE_STRIP = NO;
				DEBUG_INFORMATION_FORMAT = dwarf;
				ENABLE_STRICT_OBJC_MSGSEND = YES;
				ENABLE_TESTABILITY = YES;
				ENABLE_USER_SCRIPT_SANDBOXING = YES;
				GCC_C_LANGUAGE_STANDARD = gnu17;
				GCC_DYNAMIC_NO_PIC = NO;
				GCC_NO_COMMON_BLOCKS = YES;
				GCC_OPTIMIZATION_LEVEL = 0;
				GCC_PREPROCESSOR_DEFINITIONS = (
					"DEBUG=1",
					"$(inherited)",
				);
				GCC_WARN_64_TO_32_BIT_CONVERSION = YES;
				GCC_WARN_ABOUT_RETURN_TYPE = YES_ERROR;
				GCC_WARN_UNDECLARED_SELECTOR = YES;
				GCC_WARN_UNINITIALIZED_AUTOS = YES_AGGRESSIVE;
				GCC_WARN_UNUSED_FUNCTION = YES;
				GCC_WARN_UNUSED_VARIABLE = YES;
				IPHONEOS_DEPLOYMENT_TARGET = 17.0;
				LOCALIZATION_PREFERS_STRING_CATALOGS = YES;
				MTL_ENABLE_DEBUG_INFO = INCLUDE_SOURCE;
				MTL_FAST_MATH = YES;
				ONLY_ACTIVE_ARCH = YES;
				SDKROOT = iphoneos;
				SWIFT_ACTIVE_COMPILATION_CONDITIONS = "DEBUG $(inherited)";
				SWIFT_OPTIMIZATION_LEVEL = "-Onone";
			};
			name = Debug;
		};
		E4F5D97A2B9DB467006C5BF2 /* Release */ = {
			isa = XCBuildConfiguration;
			buildSettings = {
				ALWAYS_SEARCH_USER_PATHS = NO;
				ASSETCATALOG_COMPILER_GENERATE_SWIFT_ASSET_SYMBOL_EXTENSIONS = YES;
				CLANG_ANALYZER_NONNULL = YES;
				CLANG_ANALYZER_NUMBER_OBJECT_CONVERSION = YES_AGGRESSIVE;
				CLANG_CXX_LANGUAGE_STANDARD = "gnu++20";
				CLANG_ENABLE_MODULES = YES;
				CLANG_ENABLE_OBJC_ARC = YES;
				CLANG_ENABLE_OBJC_WEAK = YES;
				CLANG_WARN_BLOCK_CAPTURE_AUTORELEASING = YES;
				CLANG_WARN_BOOL_CONVERSION = YES;
				CLANG_WARN_COMMA = YES;
				CLANG_WARN_CONSTANT_CONVERSION = YES;
				CLANG_WARN_DEPRECATED_OBJC_IMPLEMENTATIONS = YES;
				CLANG_WARN_DIRECT_OBJC_ISA_USAGE = YES_ERROR;
				CLANG_WARN_DOCUMENTATION_COMMENTS = YES;
				CLANG_WARN_EMPTY_BODY = YES;
				CLANG_WARN_ENUM_CONVERSION = YES;
				CLANG_WARN_INFINITE_RECURSION = YES;
				CLANG_WARN_INT_CONVERSION = YES;
				CLANG_WARN_NON_LITERAL_NULL_CONVERSION = YES;
				CLANG_WARN_OBJC_IMPLICIT_RETAIN_SELF = YES;
				CLANG_WARN_OBJC_LITERAL_CONVERSION = YES;
				CLANG_WARN_OBJC_ROOT_CLASS = YES_ERROR;
				CLANG_WARN_QUOTED_INCLUDE_IN_FRAMEWORK_HEADER = YES;
				CLANG_WARN_RANGE_LOOP_ANALYSIS = YES;
				CLANG_WARN_STRICT_PROTOTYPES = YES;
				CLANG_WARN_SUSPICIOUS_MOVE = YES;
				CLANG_WARN_UNGUARDED_AVAILABILITY = YES_AGGRESSIVE;
				CLANG_WARN_UNREACHABLE_CODE = YES;
				CLANG_WARN__DUPLICATE_METHOD_MATCH = YES;
				COPY_PHASE_STRIP = NO;
				DEBUG_INFORMATION_FORMAT = "dwarf-with-dsym";
				ENABLE_NS_ASSERTIONS = NO;
				ENABLE_STRICT_OBJC_MSGSEND = YES;
				ENABLE_USER_SCRIPT_SANDBOXING = YES;
				GCC_C_LANGUAGE_STANDARD = gnu17;
				GCC_NO_COMMON_BLOCKS = YES;
				GCC_WARN_64_TO_32_BIT_CONVERSION = YES;
				GCC_WARN_ABOUT_RETURN_TYPE = YES_ERROR;
				GCC_WARN_UNDECLARED_SELECTOR = YES;
				GCC_WARN_UNINITIALIZED_AUTOS = YES_AGGRESSIVE;
				GCC_WARN_UNUSED_FUNCTION = YES;
				GCC_WARN_UNUSED_VARIABLE = YES;
				IPHONEOS_DEPLOYMENT_TARGET = 17.0;
				LOCALIZATION_PREFERS_STRING_CATALOGS = YES;
				MTL_ENABLE_DEBUG_INFO = NO;
				MTL_FAST_MATH = YES;
				SDKROOT = iphoneos;
				SWIFT_COMPILATION_MODE = wholemodule;
				VALIDATE_PRODUCT = YES;
			};
			name = Release;
		};
		E4F5D97C2B9DB467006C5BF2 /* Debug */ = {
			isa = XCBuildConfiguration;
			buildSettings = {
				ASSETCATALOG_COMPILER_APPICON_NAME = AppIcon;
				ASSETCATALOG_COMPILER_GLOBAL_ACCENT_COLOR_NAME = AccentColor;
				CODE_SIGN_STYLE = Automatic;
				CURRENT_PROJECT_VERSION = 1;
				DEVELOPMENT_TEAM = T9K9SVKFJF;
				GENERATE_INFOPLIST_FILE = YES;
				INFOPLIST_FILE = SwimmingInstructorLocator/Info.plist;
				INFOPLIST_KEY_UIApplicationSupportsIndirectInputEvents = YES;
				INFOPLIST_KEY_UILaunchStoryboardName = LaunchScreen;
				INFOPLIST_KEY_UIMainStoryboardFile = Main;
				INFOPLIST_KEY_UISupportedInterfaceOrientations_iPad = "UIInterfaceOrientationPortrait UIInterfaceOrientationPortraitUpsideDown UIInterfaceOrientationLandscapeLeft UIInterfaceOrientationLandscapeRight";
				INFOPLIST_KEY_UISupportedInterfaceOrientations_iPhone = "UIInterfaceOrientationPortrait UIInterfaceOrientationLandscapeLeft UIInterfaceOrientationLandscapeRight";
				LD_RUNPATH_SEARCH_PATHS = (
					"$(inherited)",
					"@executable_path/Frameworks",
				);
				MARKETING_VERSION = 1.0;
				PRODUCT_BUNDLE_IDENTIFIER = com.example.SwimmingInstructorLocator;
				PRODUCT_NAME = "$(TARGET_NAME)";
				SWIFT_EMIT_LOC_STRINGS = YES;
				SWIFT_VERSION = 5.0;
				TARGETED_DEVICE_FAMILY = "1,2";
			};
			name = Debug;
		};
		E4F5D97D2B9DB467006C5BF2 /* Release */ = {
			isa = XCBuildConfiguration;
			buildSettings = {
				ASSETCATALOG_COMPILER_APPICON_NAME = AppIcon;
				ASSETCATALOG_COMPILER_GLOBAL_ACCENT_COLOR_NAME = AccentColor;
				CODE_SIGN_STYLE = Automatic;
				CURRENT_PROJECT_VERSION = 1;
				DEVELOPMENT_TEAM = T9K9SVKFJF;
				GENERATE_INFOPLIST_FILE = YES;
				INFOPLIST_FILE = SwimmingInstructorLocator/Info.plist;
				INFOPLIST_KEY_UIApplicationSupportsIndirectInputEvents = YES;
				INFOPLIST_KEY_UILaunchStoryboardName = LaunchScreen;
				INFOPLIST_KEY_UIMainStoryboardFile = Main;
				INFOPLIST_KEY_UISupportedInterfaceOrientations_iPad = "UIInterfaceOrientationPortrait UIInterfaceOrientationPortraitUpsideDown UIInterfaceOrientationLandscapeLeft UIInterfaceOrientationLandscapeRight";
				INFOPLIST_KEY_UISupportedInterfaceOrientations_iPhone = "UIInterfaceOrientationPortrait UIInterfaceOrientationLandscapeLeft UIInterfaceOrientationLandscapeRight";
				LD_RUNPATH_SEARCH_PATHS = (
					"$(inherited)",
					"@executable_path/Frameworks",
				);
				MARKETING_VERSION = 1.0;
				PRODUCT_BUNDLE_IDENTIFIER = com.example.SwimmingInstructorLocator;
				PRODUCT_NAME = "$(TARGET_NAME)";
				SWIFT_EMIT_LOC_STRINGS = YES;
				SWIFT_VERSION = 5.0;
				TARGETED_DEVICE_FAMILY = "1,2";
			};
			name = Release;
		};
		E4F5D97F2B9DB467006C5BF2 /* Debug */ = {
			isa = XCBuildConfiguration;
			buildSettings = {
				ALWAYS_EMBED_SWIFT_STANDARD_LIBRARIES = YES;
				BUNDLE_LOADER = "$(TEST_HOST)";
				CODE_SIGN_STYLE = Automatic;
				CURRENT_PROJECT_VERSION = 1;
				DEVELOPMENT_TEAM = T9K9SVKFJF;
				GENERATE_INFOPLIST_FILE = YES;
				IPHONEOS_DEPLOYMENT_TARGET = 17.0;
				MARKETING_VERSION = 1.0;
				PRODUCT_BUNDLE_IDENTIFIER = com.example.SwimmingInstructorLocatorTests;
				PRODUCT_NAME = "$(TARGET_NAME)";
				SWIFT_EMIT_LOC_STRINGS = NO;
				SWIFT_VERSION = 5.0;
				TARGETED_DEVICE_FAMILY = "1,2";
				TEST_HOST = "$(BUILT_PRODUCTS_DIR)/SwimmingInstructorLocator.app/$(BUNDLE_EXECUTABLE_FOLDER_PATH)/SwimmingInstructorLocator";
			};
			name = Debug;
		};
		E4F5D9802B9DB467006C5BF2 /* Release */ = {
			isa = XCBuildConfiguration;
			buildSettings = {
				ALWAYS_EMBED_SWIFT_STANDARD_LIBRARIES = YES;
				BUNDLE_LOADER = "$(TEST_HOST)";
				CODE_SIGN_STYLE = Automatic;
				CURRENT_PROJECT_VERSION = 1;
				DEVELOPMENT_TEAM = T9K9SVKFJF;
				GENERATE_INFOPLIST_FILE = YES;
				IPHONEOS_DEPLOYMENT_TARGET = 17.0;
				MARKETING_VERSION = 1.0;
				PRODUCT_BUNDLE_IDENTIFIER = com.example.SwimmingInstructorLocatorTests;
				PRODUCT_NAME = "$(TARGET_NAME)";
				SWIFT_EMIT_LOC_STRINGS = NO;
				SWIFT_VERSION = 5.0;
				TARGETED_DEVICE_FAMILY = "1,2";
				TEST_HOST = "$(BUILT_PRODUCTS_DIR)/SwimmingInstructorLocator.app/$(BUNDLE_EXECUTABLE_FOLDER_PATH)/SwimmingInstructorLocator";
			};
			name = Release;
		};
		E4F5D9822B9DB467006C5BF2 /* Debug */ = {
			isa = XCBuildConfiguration;
			buildSettings = {
				ALWAYS_EMBED_SWIFT_STANDARD_LIBRARIES = YES;
				CODE_SIGN_STYLE = Automatic;
				CURRENT_PROJECT_VERSION = 1;
				DEVELOPMENT_TEAM = T9K9SVKFJF;
				GENERATE_INFOPLIST_FILE = YES;
				MARKETING_VERSION = 1.0;
				PRODUCT_BUNDLE_IDENTIFIER = com.example.SwimmingInstructorLocatorUITests;
				PRODUCT_NAME = "$(TARGET_NAME)";
				SWIFT_EMIT_LOC_STRINGS = NO;
				SWIFT_VERSION = 5.0;
				TARGETED_DEVICE_FAMILY = "1,2";
				TEST_TARGET_NAME = SwimmingInstructorLocator;
			};
			name = Debug;
		};
		E4F5D9832B9DB467006C5BF2 /* Release */ = {
			isa = XCBuildConfiguration;
			buildSettings = {
				ALWAYS_EMBED_SWIFT_STANDARD_LIBRARIES = YES;
				CODE_SIGN_STYLE = Automatic;
				CURRENT_PROJECT_VERSION = 1;
				DEVELOPMENT_TEAM = T9K9SVKFJF;
				GENERATE_INFOPLIST_FILE = YES;
				MARKETING_VERSION = 1.0;
				PRODUCT_BUNDLE_IDENTIFIER = com.example.SwimmingInstructorLocatorUITests;
				PRODUCT_NAME = "$(TARGET_NAME)";
				SWIFT_EMIT_LOC_STRINGS = NO;
				SWIFT_VERSION = 5.0;
				TARGETED_DEVICE_FAMILY = "1,2";
				TEST_TARGET_NAME = SwimmingInstructorLocator;
			};
			name = Release;
		};
/* End XCBuildConfiguration section */

/* Begin XCConfigurationList section */
		E4F5D9492B9DB464006C5BF2 /* Build configuration list for PBXProject "SwimmingInstructorLocator" */ = {
			isa = XCConfigurationList;
			buildConfigurations = (
				E4F5D9792B9DB467006C5BF2 /* Debug */,
				E4F5D97A2B9DB467006C5BF2 /* Release */,
			);
			defaultConfigurationIsVisible = 0;
			defaultConfigurationName = Release;
		};
		E4F5D97B2B9DB467006C5BF2 /* Build configuration list for PBXNativeTarget "SwimmingInstructorLocator" */ = {
			isa = XCConfigurationList;
			buildConfigurations = (
				E4F5D97C2B9DB467006C5BF2 /* Debug */,
				E4F5D97D2B9DB467006C5BF2 /* Release */,
			);
			defaultConfigurationIsVisible = 0;
			defaultConfigurationName = Release;
		};
		E4F5D97E2B9DB467006C5BF2 /* Build configuration list for PBXNativeTarget "SwimmingInstructorLocatorTests" */ = {
			isa = XCConfigurationList;
			buildConfigurations = (
				E4F5D97F2B9DB467006C5BF2 /* Debug */,
				E4F5D9802B9DB467006C5BF2 /* Release */,
			);
			defaultConfigurationIsVisible = 0;
			defaultConfigurationName = Release;
		};
		E4F5D9812B9DB467006C5BF2 /* Build configuration list for PBXNativeTarget "SwimmingInstructorLocatorUITests" */ = {
			isa = XCConfigurationList;
			buildConfigurations = (
				E4F5D9822B9DB467006C5BF2 /* Debug */,
				E4F5D9832B9DB467006C5BF2 /* Release */,
			);
			defaultConfigurationIsVisible = 0;
			defaultConfigurationName = Release;
		};
/* End XCConfigurationList section */

/* Begin XCVersionGroup section */
		E4F5D95A2B9DB464006C5BF2 /* SwimmingInstructorLocator.xcdatamodeld */ = {
			isa = XCVersionGroup;
			children = (
				E4F5D95B2B9DB464006C5BF2 /* SwimmingInstructorLocator.xcdatamodel */,
			);
			currentVersion = E4F5D95B2B9DB464006C5BF2 /* SwimmingInstructorLocator.xcdatamodel */;
			path = SwimmingInstructorLocator.xcdatamodeld;
			sourceTree = "<group>";
			versionGroupType = wrapper.xcdatamodel;
		};
/* End XCVersionGroup section */
	};
	rootObject = E4F5D9462B9DB464006C5BF2 /* Project object */;
}
